
Microsoft Visual Studio Solution File, Format Version 12.00
# Visual Studio 15
VisualStudioVersion = 15.0.27130.2036
MinimumVisualStudioVersion = 10.0.40219.1
Project("{2150E333-8FDC-42A3-9474-1A3956D46DE8}") = "Grow Monster Battle Android", "Grow Monster Battle Android", "{7514CE1D-62DC-41ED-845D-970D7BF1F406}"
EndProject
Project("{39E2626F-3545-4960-A6E8-258AD8476CE5}") = "Grow Monster Battle Android.Packaging", "Grow Monster Battle Android\Grow Monster Battle Android.Packaging\Grow Monster Battle Android.Packaging.androidproj", "{0F3774F6-7E9C-4DA9-B85A-E298CB444CFC}"
EndProject
Project("{8BC9CEB8-8B4A-11D0-8D11-00A0C91BC942}") = "Grow Monster Battle Android.NativeActivity", "Grow Monster Battle Android\Grow Monster Battle Android.NativeActivity\Grow Monster Battle Android.NativeActivity.vcxproj", "{38499EE2-77D6-40A7-9927-C995B6268482}"
EndProject
Project("{8BC9CEB8-8B4A-11D0-8D11-00A0C91BC942}") = "Grow Monster Battle Win32", "Grow Monster Battle Win32\Grow Monster Battle Win32.vcxproj", "{C3A54B28-C437-47C2-ACF0-D826B0193262}"
EndProject
Global
	GlobalSection(SolutionConfigurationPlatforms) = preSolution
		Debug|ARM = Debug|ARM
		Debug|ARM64 = Debug|ARM64
		Debug|Win32 = Debug|Win32
		Debug|x64 = Debug|x64
		Debug|x86 = Debug|x86
		Release|ARM = Release|ARM
		Release|ARM64 = Release|ARM64
		Release|Win32 = Release|Win32
		Release|x64 = Release|x64
		Release|x86 = Release|x86
	EndGlobalSection
	GlobalSection(ProjectConfigurationPlatforms) = postSolution
		{0F3774F6-7E9C-4DA9-B85A-E298CB444CFC}.Debug|ARM.ActiveCfg = Debug|ARM
		{0F3774F6-7E9C-4DA9-B85A-E298CB444CFC}.Debug|ARM.Build.0 = Debug|ARM
		{0F3774F6-7E9C-4DA9-B85A-E298CB444CFC}.Debug|ARM.Deploy.0 = Debug|ARM
		{0F3774F6-7E9C-4DA9-B85A-E298CB444CFC}.Debug|ARM64.ActiveCfg = Debug|ARM64
		{0F3774F6-7E9C-4DA9-B85A-E298CB444CFC}.Debug|ARM64.Build.0 = Debug|ARM64
		{0F3774F6-7E9C-4DA9-B85A-E298CB444CFC}.Debug|ARM64.Deploy.0 = Debug|ARM64
		{0F3774F6-7E9C-4DA9-B85A-E298CB444CFC}.Debug|Win32.ActiveCfg = Debug|x86
		{0F3774F6-7E9C-4DA9-B85A-E298CB444CFC}.Debug|x64.ActiveCfg = Debug|x64
		{0F3774F6-7E9C-4DA9-B85A-E298CB444CFC}.Debug|x64.Build.0 = Debug|x64
		{0F3774F6-7E9C-4DA9-B85A-E298CB444CFC}.Debug|x64.Deploy.0 = Debug|x64
		{0F3774F6-7E9C-4DA9-B85A-E298CB444CFC}.Debug|x86.ActiveCfg = Debug|x86
		{0F3774F6-7E9C-4DA9-B85A-E298CB444CFC}.Debug|x86.Build.0 = Debug|x86
		{0F3774F6-7E9C-4DA9-B85A-E298CB444CFC}.Debug|x86.Deploy.0 = Debug|x86
		{0F3774F6-7E9C-4DA9-B85A-E298CB444CFC}.Release|ARM.ActiveCfg = Debug|ARM
		{0F3774F6-7E9C-4DA9-B85A-E298CB444CFC}.Release|ARM.Build.0 = Debug|ARM
		{0F3774F6-7E9C-4DA9-B85A-E298CB444CFC}.Release|ARM.Deploy.0 = Debug|ARM
		{0F3774F6-7E9C-4DA9-B85A-E298CB444CFC}.Release|ARM64.ActiveCfg = Release|ARM64
		{0F3774F6-7E9C-4DA9-B85A-E298CB444CFC}.Release|ARM64.Build.0 = Release|ARM64
		{0F3774F6-7E9C-4DA9-B85A-E298CB444CFC}.Release|ARM64.Deploy.0 = Release|ARM64
		{0F3774F6-7E9C-4DA9-B85A-E298CB444CFC}.Release|Win32.ActiveCfg = Release|x86
		{0F3774F6-7E9C-4DA9-B85A-E298CB444CFC}.Release|x64.ActiveCfg = Release|x64
		{0F3774F6-7E9C-4DA9-B85A-E298CB444CFC}.Release|x64.Build.0 = Release|x64
		{0F3774F6-7E9C-4DA9-B85A-E298CB444CFC}.Release|x64.Deploy.0 = Release|x64
		{0F3774F6-7E9C-4DA9-B85A-E298CB444CFC}.Release|x86.ActiveCfg = Release|x86
		{0F3774F6-7E9C-4DA9-B85A-E298CB444CFC}.Release|x86.Build.0 = Release|x86
		{0F3774F6-7E9C-4DA9-B85A-E298CB444CFC}.Release|x86.Deploy.0 = Release|x86
		{38499EE2-77D6-40A7-9927-C995B6268482}.Debug|ARM.ActiveCfg = Debug|ARM
		{38499EE2-77D6-40A7-9927-C995B6268482}.Debug|ARM.Build.0 = Debug|ARM
		{38499EE2-77D6-40A7-9927-C995B6268482}.Debug|ARM64.ActiveCfg = Debug|ARM64
		{38499EE2-77D6-40A7-9927-C995B6268482}.Debug|ARM64.Build.0 = Debug|ARM64
		{38499EE2-77D6-40A7-9927-C995B6268482}.Debug|Win32.ActiveCfg = Debug|x86
		{38499EE2-77D6-40A7-9927-C995B6268482}.Debug|x64.ActiveCfg = Debug|x64
		{38499EE2-77D6-40A7-9927-C995B6268482}.Debug|x64.Build.0 = Debug|x64
		{38499EE2-77D6-40A7-9927-C995B6268482}.Debug|x86.ActiveCfg = Debug|x86
		{38499EE2-77D6-40A7-9927-C995B6268482}.Debug|x86.Build.0 = Debug|x86
		{38499EE2-77D6-40A7-9927-C995B6268482}.Release|ARM.ActiveCfg = Debug|ARM
		{38499EE2-77D6-40A7-9927-C995B6268482}.Release|ARM.Build.0 = Debug|ARM
		{38499EE2-77D6-40A7-9927-C995B6268482}.Release|ARM64.ActiveCfg = Release|ARM64
		{38499EE2-77D6-40A7-9927-C995B6268482}.Release|ARM64.Build.0 = Release|ARM64
		{38499EE2-77D6-40A7-9927-C995B6268482}.Release|Win32.ActiveCfg = Release|x86
		{38499EE2-77D6-40A7-9927-C995B6268482}.Release|x64.ActiveCfg = Release|x64
		{38499EE2-77D6-40A7-9927-C995B6268482}.Release|x64.Build.0 = Release|x64
		{38499EE2-77D6-40A7-9927-C995B6268482}.Release|x86.ActiveCfg = Release|x86
		{38499EE2-77D6-40A7-9927-C995B6268482}.Release|x86.Build.0 = Release|x86
		{C3A54B28-C437-47C2-ACF0-D826B0193262}.Debug|ARM.ActiveCfg = Debug|Win32
		{C3A54B28-C437-47C2-ACF0-D826B0193262}.Debug|ARM64.ActiveCfg = Debug|Win32
		{C3A54B28-C437-47C2-ACF0-D826B0193262}.Debug|Win32.ActiveCfg = Debug|Win32
		{C3A54B28-C437-47C2-ACF0-D826B0193262}.Debug|Win32.Build.0 = Debug|Win32
		{C3A54B28-C437-47C2-ACF0-D826B0193262}.Debug|x64.ActiveCfg = Debug|x64
		{C3A54B28-C437-47C2-ACF0-D826B0193262}.Debug|x64.Build.0 = Debug|x64
		{C3A54B28-C437-47C2-ACF0-D826B0193262}.Debug|x86.ActiveCfg = Debug|Win32
		{C3A54B28-C437-47C2-ACF0-D826B0193262}.Release|ARM.ActiveCfg = Debug|Win32
		{C3A54B28-C437-47C2-ACF0-D826B0193262}.Release|ARM64.ActiveCfg = Release|Win32
		{C3A54B28-C437-47C2-ACF0-D826B0193262}.Release|Win32.ActiveCfg = Release|Win32
		{C3A54B28-C437-47C2-ACF0-D826B0193262}.Release|Win32.Build.0 = Release|Win32
		{C3A54B28-C437-47C2-ACF0-D826B0193262}.Release|x64.ActiveCfg = Release|x64
		{C3A54B28-C437-47C2-ACF0-D826B0193262}.Release|x64.Build.0 = Release|x64
		{C3A54B28-C437-47C2-ACF0-D826B0193262}.Release|x86.ActiveCfg = Release|Win32
	EndGlobalSection
	GlobalSection(SolutionProperties) = preSolution
		HideSolutionNode = FALSE
	EndGlobalSection
	GlobalSection(NestedProjects) = preSolution
		{0F3774F6-7E9C-4DA9-B85A-E298CB444CFC} = {7514CE1D-62DC-41ED-845D-970D7BF1F406}
		{38499EE2-77D6-40A7-9927-C995B6268482} = {7514CE1D-62DC-41ED-845D-970D7BF1F406}
	EndGlobalSection
	GlobalSection(ExtensibilityGlobals) = postSolution
		SolutionGuid = {D1DE4638-CA8E-43B3-8165-EDF30E6D8B69}
	EndGlobalSection
EndGlobal
