<?xml version="1.0" encoding="utf-8"?>
<Project ToolsVersion="4.0" xmlns="http://schemas.microsoft.com/developer/msbuild/2003">
  <ItemGroup>
    <ClCompile Include="mainAndroid.cpp" />
    <ClCompile Include="..\..\scr\Common\GameMgr.cpp">
      <Filter>src\Common</Filter>
    </ClCompile>
    <ClCompile Include="..\..\scr\Common\Task\TaskBase.cpp">
      <Filter>src\Common\Task</Filter>
    </ClCompile>
    <ClCompile Include="..\..\scr\Common\Task\TaskMgr.cpp">
      <Filter>src\Common\Task</Filter>
    </ClCompile>
    <ClCompile Include="..\..\scr\Scene\ISceneBase.cpp">
      <Filter>src\Scene</Filter>
    </ClCompile>
    <ClCompile Include="..\..\scr\Scene\SceneMgr.cpp">
      <Filter>src\Scene</Filter>
    </ClCompile>
    <ClCompile Include="..\..\scr\Test\AITest.cpp">
      <Filter>src\Test</Filter>
    </ClCompile>
    <ClCompile Include="..\..\scr\Test\Test1.cpp">
      <Filter>src\Test</Filter>
    </ClCompile>
    <ClCompile Include="..\..\scr\Test\TestMenu.cpp">
      <Filter>src\Test</Filter>
    </ClCompile>
    <ClCompile Include="..\..\scr\Scene\Title\Scene_Title.cpp">
      <Filter>src\Scene\Title</Filter>
    </ClCompile>
    <ClCompile Include="..\..\scr\Scene\Opning\Scene_Opning.cpp">
      <Filter>src\Scene\Opning</Filter>
    </ClCompile>
    <ClCompile Include="..\..\scr\Scene\Boot\Scene_Boot.cpp">
      <Filter>src\Scene\Boot</Filter>
    </ClCompile>
    <ClCompile Include="..\..\scr\Common\Fade\Fade.cpp">
      <Filter>src\Common\Fade</Filter>
    </ClCompile>
    <ClCompile Include="..\..\scr\Common\FPS\FPS.cpp">
      <Filter>src\Common\FPS</Filter>
    </ClCompile>
    <ClCompile Include="..\..\scr\Scene\MainMenu\Scene_MainMenu.cpp">
      <Filter>src\Scene\MainMenu</Filter>
    </ClCompile>
    <ClCompile Include="..\..\scr\Common\Graphics\Graphics.cpp">
      <Filter>src\Common\Graphics</Filter>
    </ClCompile>
    <ClCompile Include="..\..\scr\Common\Graphics\GraphicsBase.cpp">
      <Filter>src\Common\Graphics</Filter>
    </ClCompile>
    <ClCompile Include="..\..\scr\Common\Graphics\GraphicsDraw.cpp">
      <Filter>src\Common\Graphics</Filter>
    </ClCompile>
    <ClCompile Include="..\..\scr\Common\Graphics\GraphicsDrawMgr.cpp">
      <Filter>src\Common\Graphics</Filter>
    </ClCompile>
    <ClCompile Include="..\..\scr\Common\Graphics\GraphicsMulti.cpp">
      <Filter>src\Common\Graphics</Filter>
    </ClCompile>
    <ClCompile Include="..\..\scr\Common\Debug\Debug.cpp">
      <Filter>src\Common\Debug</Filter>
    </ClCompile>
    <ClCompile Include="..\..\scr\Common\Debug\DebugList.cpp">
      <Filter>src\Common\Debug</Filter>
    </ClCompile>
    <ClCompile Include="..\..\scr\AppData\Character\Monster\Monster.cpp">
      <Filter>src\AppData\Character\Monster</Filter>
    </ClCompile>
    <ClCompile Include="..\..\scr\AppData\Character\CharacterBase.cpp">
      <Filter>src\AppData\Character</Filter>
    </ClCompile>
    <ClCompile Include="..\..\scr\AppData\SaveData\SaveData_android.cpp">
      <Filter>src\AppData\SaveData</Filter>
    </ClCompile>
    <ClCompile Include="..\..\scr\AppData\Character\Player\Player.cpp">
      <Filter>src\AppData\Character\Player</Filter>
    </ClCompile>
    <ClCompile Include="..\..\scr\AppData\AppData.cpp">
      <Filter>src\AppData</Filter>
    </ClCompile>
    <ClCompile Include="..\..\scr\AppData\Character\Monster\MonsterBox.cpp">
      <Filter>src\AppData\Character\Monster</Filter>
    </ClCompile>
    <ClCompile Include="..\..\scr\AppData\Character\Monster\MonsterDeck.cpp">
      <Filter>src\AppData\Character\Monster</Filter>
    </ClCompile>
    <ClCompile Include="..\..\scr\Common\Input\InputBase.cpp">
      <Filter>src\Common\Input</Filter>
    </ClCompile>
    <ClCompile Include="..\..\scr\Common\Input\Joypad.cpp">
      <Filter>src\Common\Input</Filter>
    </ClCompile>
    <ClCompile Include="..\..\scr\Common\Input\Keybaord.cpp">
      <Filter>src\Common\Input</Filter>
    </ClCompile>
    <ClCompile Include="..\..\scr\Common\Input\Touch.cpp">
      <Filter>src\Common\Input</Filter>
    </ClCompile>
    <ClCompile Include="..\..\scr\Common\String\StringBase.cpp">
      <Filter>src\Common\String</Filter>
    </ClCompile>
    <ClCompile Include="..\..\scr\Common\FileIO\FileIO.cpp">
      <Filter>src\Common\FileIO</Filter>
    </ClCompile>
    <ClCompile Include="..\..\scr\Common\FileIO\WriteBynary.cpp">
      <Filter>src\Common\FileIO</Filter>
    </ClCompile>
    <ClCompile Include="..\..\scr\Common\FileIO\ReadBynary.cpp">
      <Filter>src\Common\FileIO</Filter>
    </ClCompile>
    <ClCompile Include="..\..\scr\Test\TestCommunication.cpp">
      <Filter>src\Test</Filter>
    </ClCompile>
    <ClCompile Include="..\..\scr\Common\CommonResource\CommonResource.cpp">
      <Filter>src\Common\CommonResource</Filter>
    </ClCompile>
    <ClCompile Include="..\..\scr\Common\XML\XmlPurser.cpp">
      <Filter>src\Common\Xml</Filter>
    </ClCompile>
    <ClCompile Include="..\..\scr\android\TouchInput.cpp">
      <Filter>src\android</Filter>
    </ClCompile>
    <ClCompile Include="..\..\scr\android\Communication\ReceiveUDP_android.cpp">
      <Filter>src\android\Communication</Filter>
    </ClCompile>
    <ClCompile Include="..\..\scr\android\Communication\SendUDP_android.cpp">
      <Filter>src\android\Communication</Filter>
    </ClCompile>
    <ClCompile Include="..\..\scr\Common\String\FontMgr\FontMgr.cpp">
      <Filter>src\Common\String\FontMgr</Filter>
    </ClCompile>
    <ClCompile Include="..\..\scr\android\JavaEncoder\InputString\InputString.cpp">
      <Filter>src\android\JavaEncoder\InputString</Filter>
    </ClCompile>
    <ClCompile Include="..\..\scr\Common\Window\WindowBase.cpp">
      <Filter>src\Common\Window</Filter>
    </ClCompile>
    <ClCompile Include="..\..\scr\Scene\MainMenu\Dungeon\DungeonBase.cpp">
      <Filter>src\Scene\MainMenu\Dungeon</Filter>
    </ClCompile>
    <ClCompile Include="..\..\scr\Scene\MainMenu\Dungeon\DungeonMenu.cpp">
      <Filter>src\Scene\MainMenu\Dungeon</Filter>
    </ClCompile>
    <ClCompile Include="..\..\scr\Common\Input\Mouse.cpp">
      <Filter>src\Common\Input</Filter>
    </ClCompile>
    <ClCompile Include="..\..\scr\Test\TestBattle.cpp">
      <Filter>src\Test</Filter>
    </ClCompile>
    <ClCompile Include="..\..\scr\Scene\MainMenu\Dungeon\Battle\BattleBase.cpp">
      <Filter>src\Scene\MainMenu\Dungeon\Battle</Filter>
    </ClCompile>
    <ClCompile Include="..\..\scr\AppData\Character\MonsterStatus.cpp">
      <Filter>src\AppData\Character</Filter>
    </ClCompile>
    <ClCompile Include="..\..\scr\Common\Animation\Animation.cpp">
      <Filter>src\Common\Animation</Filter>
    </ClCompile>
    <ClCompile Include="..\..\scr\Common\ResourceLoader\ResourceLoader.cpp">
      <Filter>src\Common\ResourceLoader</Filter>
    </ClCompile>
    <ClCompile Include="..\..\scr\Common\FileLoader\File.cpp">
      <Filter>src\Common\FileLoader</Filter>
    </ClCompile>
    <ClCompile Include="..\..\scr\Common\FileLoader\Loader.cpp">
      <Filter>src\Common\FileLoader</Filter>
    </ClCompile>
    <ClCompile Include="..\..\scr\AppData\Character\Monster\MonsterMgr.cpp">
      <Filter>src\AppData\Character\Monster</Filter>
    </ClCompile>
    <ClCompile Include="..\..\scr\Test\TestADV.cpp">
      <Filter>src\Test</Filter>
    </ClCompile>
    <ClCompile Include="..\..\scr\Common\Script\ScriptBase.cpp">
      <Filter>src\Common\Script</Filter>
    </ClCompile>
    <ClCompile Include="..\..\scr\Common\Animation\Easing\Easing.cpp">
      <Filter>src\Common\Animation\Easing</Filter>
    </ClCompile>
    <ClCompile Include="..\..\scr\Common\Input\ClickInput.cpp">
      <Filter>src\Common\Input</Filter>
    </ClCompile>
    <ClCompile Include="..\..\scr\Common\Input\MobileInput.cpp">
      <Filter>src\Common\Input</Filter>
    </ClCompile>
    <ClCompile Include="..\..\scr\Common\Input\PadInput.cpp">
      <Filter>src\Common\Input</Filter>
    </ClCompile>
    <ClCompile Include="..\..\scr\Scene\MainMenu\Dungeon\DungeonMgr.cpp">
      <Filter>src\Scene\MainMenu\Dungeon</Filter>
    </ClCompile>
    <ClCompile Include="..\..\scr\Common\Script\ScriptAnimation.cpp">
      <Filter>src\Common\Script</Filter>
    </ClCompile>
    <ClCompile Include="..\..\scr\Scene\MainMenu\PlayerInfomation\PlayerInfomation.cpp">
      <Filter>src\Scene\MainMenu\PlayerInfomation</Filter>
    </ClCompile>
    <ClCompile Include="..\..\scr\Common\Graphics\Button\Button.cpp">
      <Filter>src\Common\Graphics\Button</Filter>
    </ClCompile>
    <ClCompile Include="..\..\scr\Common\Graphics\Button\ButtonGraph.cpp">
      <Filter>src\Common\Graphics\Button</Filter>
    </ClCompile>
    <ClCompile Include="..\..\scr\Common\Graphics\Window\WindowGraph.cpp">
      <Filter>src\Common\Graphics\Window</Filter>
    </ClCompile>
    <ClCompile Include="..\..\scr\Common\String\StringClick.cpp">
      <Filter>src\Common\String</Filter>
    </ClCompile>
    <ClCompile Include="..\..\scr\Scene\MainMenu\Dungeon\Battle\BattleAnimation.cpp">
      <Filter>src\Scene\MainMenu\Dungeon\Battle</Filter>
    </ClCompile>
    <ClCompile Include="..\..\scr\Scene\MainMenu\Dungeon\Battle\BattleCalculator.cpp">
      <Filter>src\Scene\MainMenu\Dungeon\Battle</Filter>
    </ClCompile>
    <ClCompile Include="..\..\scr\Common\String\FontMgr\BMFont.cpp">
      <Filter>src\Common\String\FontMgr</Filter>
    </ClCompile>
    <ClCompile Include="..\..\scr\Common\Sound\Sound.cpp">
      <Filter>src\Common\Sound</Filter>
    </ClCompile>
    <ClCompile Include="..\..\scr\Common\Sound\SoundMgr.cpp">
      <Filter>src\Common\Sound</Filter>
    </ClCompile>
    <ClCompile Include="..\..\scr\Scene\Prologue\Scene_Prologue.cpp">
      <Filter>src\Scene\Prologue</Filter>
    </ClCompile>
    <ClCompile Include="..\..\scr\android\Networking\Networking.cpp">
      <Filter>src\android\Networking</Filter>
    </ClCompile>
  </ItemGroup>
  <ItemGroup>
    <Filter Include="src">
      <UniqueIdentifier>{9f1fbd70-55b3-478d-b9e2-1dc099eff2fa}</UniqueIdentifier>
    </Filter>
    <Filter Include="src\android">
      <UniqueIdentifier>{f49562c5-f86c-4806-ba70-a64baeaac5e0}</UniqueIdentifier>
    </Filter>
    <Filter Include="src\android\Communication">
      <UniqueIdentifier>{7d7a9fa7-efc7-4aaf-a7a0-30dff507aa7f}</UniqueIdentifier>
    </Filter>
    <Filter Include="src\android\JavaEncoder">
      <UniqueIdentifier>{dce1bdd5-80da-4a75-a01a-2b5c8fd7242b}</UniqueIdentifier>
    </Filter>
    <Filter Include="src\android\JavaEncoder\InputString">
      <UniqueIdentifier>{7208723b-243c-482b-9518-e51bd965dbd4}</UniqueIdentifier>
    </Filter>
    <Filter Include="src\Scene">
      <UniqueIdentifier>{48e2036a-ca9d-498e-88b8-2b786d07168a}</UniqueIdentifier>
    </Filter>
    <Filter Include="src\Scene\Opning">
      <UniqueIdentifier>{c4c3fccb-bc50-4a2f-bf0f-df8226da36e0}</UniqueIdentifier>
    </Filter>
    <Filter Include="src\Scene\Title">
      <UniqueIdentifier>{eb3d91c2-c9db-46f5-9757-cf55992f94ee}</UniqueIdentifier>
    </Filter>
    <Filter Include="src\Scene\Boot">
      <UniqueIdentifier>{99c2d3b4-3d31-45d2-b6ce-592ed91b1a17}</UniqueIdentifier>
    </Filter>
    <Filter Include="src\Scene\MainMenu">
      <UniqueIdentifier>{8294802e-98ab-4ba9-9eb5-66cdb58ad69a}</UniqueIdentifier>
    </Filter>
    <Filter Include="src\Common">
      <UniqueIdentifier>{b9100c01-8789-4a26-bba2-33bccf5a0078}</UniqueIdentifier>
    </Filter>
    <Filter Include="src\Common\Task">
      <UniqueIdentifier>{7733511b-2bcd-40aa-a2df-324e5d818173}</UniqueIdentifier>
    </Filter>
    <Filter Include="src\Common\Fade">
      <UniqueIdentifier>{375544d4-9c93-4940-89db-43ce888fc139}</UniqueIdentifier>
    </Filter>
    <Filter Include="src\Common\Graphics">
      <UniqueIdentifier>{1fa8799d-c88d-43cd-8960-c7575b9aa140}</UniqueIdentifier>
    </Filter>
    <Filter Include="src\Common\Debug">
      <UniqueIdentifier>{498e5bbe-a5aa-42b6-8780-382712c6d77d}</UniqueIdentifier>
    </Filter>
    <Filter Include="src\Common\Input">
      <UniqueIdentifier>{7a10576a-88d3-4720-a24c-41c71de1a86b}</UniqueIdentifier>
    </Filter>
    <Filter Include="src\Common\String">
      <UniqueIdentifier>{456a03bd-039b-41d8-bf60-71332d86503c}</UniqueIdentifier>
    </Filter>
    <Filter Include="src\Common\String\FontMgr">
      <UniqueIdentifier>{736b501c-b8fc-44f2-bd3a-1e9e442f8ffe}</UniqueIdentifier>
    </Filter>
    <Filter Include="src\Common\FileIO">
      <UniqueIdentifier>{724522a8-495a-410d-bd84-e809d772cfbc}</UniqueIdentifier>
    </Filter>
    <Filter Include="src\Common\CommonResource">
      <UniqueIdentifier>{e73aa6d3-dca9-48bf-9c43-51c1a405d68a}</UniqueIdentifier>
    </Filter>
    <Filter Include="src\Common\Xml">
      <UniqueIdentifier>{d82d4658-456b-4db0-8d03-6ba4aefa5461}</UniqueIdentifier>
    </Filter>
    <Filter Include="src\Test">
      <UniqueIdentifier>{7badff7b-3945-4fa7-bbb7-b1c8763820f4}</UniqueIdentifier>
    </Filter>
    <Filter Include="src\AppData">
      <UniqueIdentifier>{e324654b-c14a-405b-ac98-9fcf38c6f0a7}</UniqueIdentifier>
    </Filter>
    <Filter Include="src\AppData\Character">
      <UniqueIdentifier>{c38e8752-d920-40dc-889f-f0576c39cd97}</UniqueIdentifier>
    </Filter>
    <Filter Include="src\AppData\Character\Monster">
      <UniqueIdentifier>{94ef3217-cb3b-45d2-8aad-bbe50c541159}</UniqueIdentifier>
    </Filter>
    <Filter Include="src\AppData\Character\Player">
      <UniqueIdentifier>{8d5968ac-2e64-4ba7-bd5c-fff97ede928f}</UniqueIdentifier>
    </Filter>
    <Filter Include="src\AppData\SaveData">
      <UniqueIdentifier>{e85b7c74-1133-46fb-a37e-385631758b78}</UniqueIdentifier>
    </Filter>
    <Filter Include="src\Common\Window">
      <UniqueIdentifier>{8ff50912-d396-43e6-925d-3eb2e5072552}</UniqueIdentifier>
    </Filter>
    <Filter Include="src\Common\FPS">
      <UniqueIdentifier>{ece7422c-6575-4f02-8e75-0165d753a7b4}</UniqueIdentifier>
    </Filter>
    <Filter Include="src\Scene\MainMenu\Dungeon">
      <UniqueIdentifier>{fd8fa522-3233-4d3e-9251-a5909e7e2fa4}</UniqueIdentifier>
    </Filter>
    <Filter Include="src\Scene\MainMenu\Dungeon\Battle">
      <UniqueIdentifier>{a96a840b-162c-48cd-845d-ee87b913a8b8}</UniqueIdentifier>
    </Filter>
    <Filter Include="src\AppData\Character\Skill">
      <UniqueIdentifier>{aac41119-02e5-4b3f-9668-c9557f6869f1}</UniqueIdentifier>
    </Filter>
    <Filter Include="src\AppData\Script">
      <UniqueIdentifier>{66bba8ad-be86-4019-971b-dc6be9040b89}</UniqueIdentifier>
    </Filter>
    <Filter Include="src\Common\Animation">
      <UniqueIdentifier>{6b725b16-4997-410d-b886-78e012f3bf7b}</UniqueIdentifier>
    </Filter>
    <Filter Include="src\Common\ResourceLoader">
      <UniqueIdentifier>{9958d436-1157-4677-bb42-5e3cd89105cc}</UniqueIdentifier>
    </Filter>
    <Filter Include="src\Common\FileLoader">
      <UniqueIdentifier>{2e75d316-6926-481e-bead-69ee1b8ad596}</UniqueIdentifier>
    </Filter>
    <Filter Include="src\Common\Script">
      <UniqueIdentifier>{898b00b9-76ca-4eea-b367-6aa5d2a8c515}</UniqueIdentifier>
    </Filter>
    <Filter Include="src\Common\Animation\Easing">
      <UniqueIdentifier>{a4c85173-862d-4b9b-85be-7d9055fc10dc}</UniqueIdentifier>
    </Filter>
    <Filter Include="src\Common\Sound">
      <UniqueIdentifier>{9d8968da-8de3-449e-88ce-09890ac393ef}</UniqueIdentifier>
    </Filter>
    <Filter Include="src\Scene\MainMenu\PlayerInfomation">
      <UniqueIdentifier>{ba392ec7-6da2-4e0d-994c-7a919d330589}</UniqueIdentifier>
    </Filter>
    <Filter Include="src\Scene\MainMenu\Shop">
      <UniqueIdentifier>{a203b10d-80d4-4ad9-a158-7817e5c93853}</UniqueIdentifier>
    </Filter>
    <Filter Include="src\Scene\MainMenu\MonsterBox">
      <UniqueIdentifier>{1ee57cf8-c042-482a-9f42-1a159421c760}</UniqueIdentifier>
    </Filter>
    <Filter Include="src\Scene\MainMenu\Gatya">
      <UniqueIdentifier>{96e8d96c-89b5-4957-bf08-068b5c83c419}</UniqueIdentifier>
    </Filter>
    <Filter Include="src\Common\Graphics\Window">
      <UniqueIdentifier>{03ada130-9bb0-4598-99c9-1ce1cfa257c9}</UniqueIdentifier>
    </Filter>
    <Filter Include="src\Common\Graphics\Button">
      <UniqueIdentifier>{7ff54210-3410-4879-922e-3a82f99499f5}</UniqueIdentifier>
    </Filter>
    <Filter Include="src\Common\System">
      <UniqueIdentifier>{b27e389a-9010-481c-96ac-1960a56abe37}</UniqueIdentifier>
    </Filter>
    <Filter Include="src\Scene\Prologue">
      <UniqueIdentifier>{4ce0f5da-2622-4e3e-9f63-37217a18bc7a}</UniqueIdentifier>
    </Filter>
    <Filter Include="src\android\Networking">
      <UniqueIdentifier>{2f2f78df-6b01-4013-ac6c-a57919f5abfb}</UniqueIdentifier>
    </Filter>
  </ItemGroup>
  <ItemGroup>
    <ClInclude Include="..\..\scr\Common\GameMgr.h">
      <Filter>src\Common</Filter>
    </ClInclude>
    <ClInclude Include="..\..\scr\Common\Task\Task.h">
      <Filter>src\Common\Task</Filter>
    </ClInclude>
    <ClInclude Include="..\..\scr\Common\Task\TaskBase.h">
      <Filter>src\Common\Task</Filter>
    </ClInclude>
    <ClInclude Include="..\..\scr\Common\Task\TaskMgr.h">
      <Filter>src\Common\Task</Filter>
    </ClInclude>
    <ClInclude Include="..\..\scr\Scene\ISceneBase.h">
      <Filter>src\Scene</Filter>
    </ClInclude>
    <ClInclude Include="..\..\scr\Scene\SceneBase.h">
      <Filter>src\Scene</Filter>
    </ClInclude>
    <ClInclude Include="..\..\scr\Scene\SceneMgr.h">
      <Filter>src\Scene</Filter>
    </ClInclude>
    <ClInclude Include="..\..\scr\Test\AITest.h">
      <Filter>src\Test</Filter>
    </ClInclude>
    <ClInclude Include="..\..\scr\Test\Test1.h">
      <Filter>src\Test</Filter>
    </ClInclude>
    <ClInclude Include="..\..\scr\Test\TestMenu.h">
      <Filter>src\Test</Filter>
    </ClInclude>
    <ClInclude Include="..\..\scr\Scene\Title\Scene_Title.h">
      <Filter>src\Scene\Title</Filter>
    </ClInclude>
    <ClInclude Include="..\..\scr\Scene\Opning\Scene_Opning.h">
      <Filter>src\Scene\Opning</Filter>
    </ClInclude>
    <ClInclude Include="..\..\scr\Scene\Boot\Scene_Boot.h">
      <Filter>src\Scene\Boot</Filter>
    </ClInclude>
    <ClInclude Include="..\..\scr\Common\Fade\Fade.h">
      <Filter>src\Common\Fade</Filter>
    </ClInclude>
    <ClInclude Include="..\..\scr\Common\FPS\FPS.h">
      <Filter>src\Common\FPS</Filter>
    </ClInclude>
    <ClInclude Include="..\..\scr\Scene\MainMenu\Scene_MainMenu.h">
      <Filter>src\Scene\MainMenu</Filter>
    </ClInclude>
    <ClInclude Include="..\..\scr\Common\Graphics\Graphics.h">
      <Filter>src\Common\Graphics</Filter>
    </ClInclude>
    <ClInclude Include="..\..\scr\Common\Graphics\GraphicsBase.h">
      <Filter>src\Common\Graphics</Filter>
    </ClInclude>
    <ClInclude Include="..\..\scr\Common\Graphics\GraphicsDraw.h">
      <Filter>src\Common\Graphics</Filter>
    </ClInclude>
    <ClInclude Include="..\..\scr\Common\Graphics\GraphicsDrawMgr.h">
      <Filter>src\Common\Graphics</Filter>
    </ClInclude>
    <ClInclude Include="..\..\scr\Common\Graphics\GraphicsMulti.h">
      <Filter>src\Common\Graphics</Filter>
    </ClInclude>
    <ClInclude Include="..\..\scr\Common\Debug\Debug.h">
      <Filter>src\Common\Debug</Filter>
    </ClInclude>
    <ClInclude Include="..\..\scr\Common\Debug\DebugList.h">
      <Filter>src\Common\Debug</Filter>
    </ClInclude>
    <ClInclude Include="..\..\scr\AppData\Character\Monster\Monster.h">
      <Filter>src\AppData\Character\Monster</Filter>
    </ClInclude>
    <ClInclude Include="..\..\scr\AppData\Character\CharacterBase.h">
      <Filter>src\AppData\Character</Filter>
    </ClInclude>
    <ClInclude Include="..\..\scr\AppData\SaveData\SaveData.h">
      <Filter>src\AppData\SaveData</Filter>
    </ClInclude>
    <ClInclude Include="..\..\scr\AppData\Character\Player\Player.h">
      <Filter>src\AppData\Character\Player</Filter>
    </ClInclude>
    <ClInclude Include="..\..\scr\AppData\AppData.h">
      <Filter>src\AppData</Filter>
    </ClInclude>
    <ClInclude Include="..\..\scr\AppData\Character\Monster\MonsterBox.h">
      <Filter>src\AppData\Character\Monster</Filter>
    </ClInclude>
    <ClInclude Include="..\..\scr\AppData\Character\Monster\MonsterDeck.h">
      <Filter>src\AppData\Character\Monster</Filter>
    </ClInclude>
    <ClInclude Include="..\..\scr\Common\Input\InputBase.h">
      <Filter>src\Common\Input</Filter>
    </ClInclude>
    <ClInclude Include="..\..\scr\Common\Input\Joypad.h">
      <Filter>src\Common\Input</Filter>
    </ClInclude>
    <ClInclude Include="..\..\scr\Common\Input\Keybaord.h">
      <Filter>src\Common\Input</Filter>
    </ClInclude>
    <ClInclude Include="..\..\scr\Common\Input\Touch.h">
      <Filter>src\Common\Input</Filter>
    </ClInclude>
    <ClInclude Include="..\..\scr\Common\String\StringBase.h">
      <Filter>src\Common\String</Filter>
    </ClInclude>
    <ClInclude Include="..\..\scr\Common\FileIO\FileIO.h">
      <Filter>src\Common\FileIO</Filter>
    </ClInclude>
    <ClInclude Include="..\..\scr\Common\FileIO\WriteBynary.h">
      <Filter>src\Common\FileIO</Filter>
    </ClInclude>
    <ClInclude Include="..\..\scr\Common\FileIO\ReadBynary.h">
      <Filter>src\Common\FileIO</Filter>
    </ClInclude>
    <ClInclude Include="..\..\scr\Test\TestCommunication.h">
      <Filter>src\Test</Filter>
    </ClInclude>
    <ClInclude Include="..\..\scr\Common\CommonResource\CommonResource.h">
      <Filter>src\Common\CommonResource</Filter>
    </ClInclude>
    <ClInclude Include="..\..\scr\Common\XML\XmlPurser.h">
      <Filter>src\Common\Xml</Filter>
    </ClInclude>
    <ClInclude Include="..\..\scr\android\TouchInput.h">
      <Filter>src\android</Filter>
    </ClInclude>
    <ClInclude Include="..\..\scr\Common\String\FontMgr\FontMgr.h">
      <Filter>src\Common\String\FontMgr</Filter>
    </ClInclude>
    <ClInclude Include="..\..\scr\android\JavaEncoder\InputString\InputString.h">
      <Filter>src\android\JavaEncoder\InputString</Filter>
    </ClInclude>
    <ClInclude Include="..\..\scr\Common\Window\WindowBase.h">
      <Filter>src\Common\Window</Filter>
    </ClInclude>
    <ClInclude Include="..\..\scr\Scene\MainMenu\Dungeon\DungeonBase.h">
      <Filter>src\Scene\MainMenu\Dungeon</Filter>
    </ClInclude>
    <ClInclude Include="..\..\scr\Scene\MainMenu\Dungeon\DungeonMenu.h">
      <Filter>src\Scene\MainMenu\Dungeon</Filter>
    </ClInclude>
    <ClInclude Include="..\..\scr\Common\Input\Mouse.h">
      <Filter>src\Common\Input</Filter>
    </ClInclude>
    <ClInclude Include="..\..\scr\Test\TestBattle.h">
      <Filter>src\Test</Filter>
    </ClInclude>
    <ClInclude Include="..\..\scr\Scene\MainMenu\Dungeon\Battle\BattleBase.h">
      <Filter>src\Scene\MainMenu\Dungeon\Battle</Filter>
    </ClInclude>
    <ClInclude Include="..\..\scr\AppData\Character\MonsterStatus.h">
      <Filter>src\AppData\Character</Filter>
    </ClInclude>
    <ClInclude Include="..\..\scr\Common\Animation\Animation.h">
      <Filter>src\Common\Animation</Filter>
    </ClInclude>
    <ClInclude Include="..\..\scr\Common\ResourceLoader\ResourceLoader.h">
      <Filter>src\Common\ResourceLoader</Filter>
    </ClInclude>
    <ClInclude Include="..\..\scr\Common\FileLoader\Loader.h">
      <Filter>src\Common\FileLoader</Filter>
    </ClInclude>
    <ClInclude Include="..\..\scr\Common\FileLoader\File.h">
      <Filter>src\Common\FileLoader</Filter>
    </ClInclude>
    <ClInclude Include="..\..\scr\AppData\Character\Monster\MonsterMgr.h">
      <Filter>src\AppData\Character\Monster</Filter>
    </ClInclude>
    <ClInclude Include="..\..\scr\Test\TestADV.h">
      <Filter>src\Test</Filter>
    </ClInclude>
    <ClInclude Include="..\..\scr\Common\Script\ScriptBase.h">
      <Filter>src\Common\Script</Filter>
    </ClInclude>
    <ClInclude Include="..\..\scr\Common\Animation\Easing\Easing.h">
      <Filter>src\Common\Animation\Easing</Filter>
    </ClInclude>
    <ClInclude Include="..\..\scr\Common\Input\ClickInput.h">
      <Filter>src\Common\Input</Filter>
    </ClInclude>
    <ClInclude Include="..\..\scr\Common\Input\MobileInput.h">
      <Filter>src\Common\Input</Filter>
    </ClInclude>
    <ClInclude Include="..\..\scr\Common\Input\PadInput.h">
      <Filter>src\Common\Input</Filter>
    </ClInclude>
    <ClInclude Include="..\..\scr\Scene\MainMenu\Dungeon\DungeonMgr.h">
      <Filter>src\Scene\MainMenu\Dungeon</Filter>
    </ClInclude>
    <ClInclude Include="..\..\scr\Common\Script\ScriptAnimation.h">
      <Filter>src\Common\Script</Filter>
    </ClInclude>
    <ClInclude Include="..\..\scr\Scene\MainMenu\PlayerInfomation\PlayerInfomation.h">
      <Filter>src\Scene\MainMenu\PlayerInfomation</Filter>
    </ClInclude>
    <ClInclude Include="..\..\scr\Common\Graphics\Button\Button.h">
      <Filter>src\Common\Graphics\Button</Filter>
    </ClInclude>
    <ClInclude Include="..\..\scr\Common\Graphics\Button\ButtonGraph.h">
      <Filter>src\Common\Graphics\Button</Filter>
    </ClInclude>
    <ClInclude Include="..\..\scr\Common\Graphics\Button\View.h">
      <Filter>src\Common\Graphics\Button</Filter>
    </ClInclude>
    <ClInclude Include="..\..\scr\Common\Graphics\Window\WindowGraph.h">
      <Filter>src\Common\Graphics\Window</Filter>
    </ClInclude>
    <ClInclude Include="..\..\scr\Common\System\OnListener.h">
      <Filter>src\Common\System</Filter>
    </ClInclude>
    <ClInclude Include="..\..\scr\Common\String\StringClick.h">
      <Filter>src\Common\String</Filter>
    </ClInclude>
    <ClInclude Include="..\..\scr\Scene\MainMenu\Dungeon\Battle\BattleAnimation.h">
      <Filter>src\Scene\MainMenu\Dungeon\Battle</Filter>
    </ClInclude>
    <ClInclude Include="..\..\scr\Scene\MainMenu\Dungeon\Battle\BattleCalculator.h">
      <Filter>src\Scene\MainMenu\Dungeon\Battle</Filter>
    </ClInclude>
    <ClInclude Include="..\..\scr\Common\String\FontMgr\BMFont.h">
      <Filter>src\Common\String\FontMgr</Filter>
    </ClInclude>
    <ClInclude Include="..\..\scr\Common\Sound\SoundMgr.h">
      <Filter>src\Common\Sound</Filter>
    </ClInclude>
    <ClInclude Include="..\..\scr\Common\Sound\Sound.h">
      <Filter>src\Common\Sound</Filter>
    </ClInclude>
    <ClInclude Include="..\..\scr\Scene\Prologue\Scene_Prologue.h">
      <Filter>src\Scene\Prologue</Filter>
    </ClInclude>
    <ClInclude Include="..\..\scr\android\Networking\Networking.h">
      <Filter>src\android\Networking</Filter>
    </ClInclude>
  </ItemGroup>
</Project>