<?xml version="1.0" encoding="utf-8"?>
<Project ToolsVersion="4.0" xmlns="http://schemas.microsoft.com/developer/msbuild/2003">
  <ItemGroup>
    <Filter Include="ソース ファイル">
      <UniqueIdentifier>{4FC737F1-C7A5-4376-A066-2A32D752A2FF}</UniqueIdentifier>
      <Extensions>cpp;c;cc;cxx;def;odl;idl;hpj;bat;asm;asmx</Extensions>
    </Filter>
    <Filter Include="ヘッダー ファイル">
      <UniqueIdentifier>{93995380-89BD-4b04-88EB-625FBE52EBFB}</UniqueIdentifier>
      <Extensions>h;hh;hpp;hxx;hm;inl;inc;xsd</Extensions>
    </Filter>
    <Filter Include="リソース ファイル">
      <UniqueIdentifier>{67DA6AB6-F800-4c08-8B7A-83BB121AAD01}</UniqueIdentifier>
      <Extensions>rc;ico;cur;bmp;dlg;rc2;rct;bin;rgs;gif;jpg;jpeg;jpe;resx;tiff;tif;png;wav;mfcribbon-ms</Extensions>
    </Filter>
    <Filter Include="ソース ファイル\scr">
      <UniqueIdentifier>{86d035a5-859a-41ab-9425-76e3d7357fb8}</UniqueIdentifier>
    </Filter>
    <Filter Include="ソース ファイル\scr\Common">
      <UniqueIdentifier>{b1278e6a-2292-458e-bebb-8621541e480c}</UniqueIdentifier>
    </Filter>
    <Filter Include="ソース ファイル\scr\Test">
      <UniqueIdentifier>{79cfc21c-a0e5-41b1-81c5-076c33a85193}</UniqueIdentifier>
    </Filter>
    <Filter Include="ソース ファイル\scr\Scene">
      <UniqueIdentifier>{64f7d15d-9d02-4a6a-b87b-b69a506f37e3}</UniqueIdentifier>
    </Filter>
    <Filter Include="ソース ファイル\scr\win32">
      <UniqueIdentifier>{c58ed2fb-263f-4a8d-918d-4f4b2483da35}</UniqueIdentifier>
    </Filter>
    <Filter Include="ソース ファイル\scr\Scene\Title">
      <UniqueIdentifier>{7a704b7b-79dc-46a7-b984-c52702cc3169}</UniqueIdentifier>
    </Filter>
    <Filter Include="ソース ファイル\scr\Scene\Opning">
      <UniqueIdentifier>{95cc15c5-892a-4320-b7e9-7ae40ba310a1}</UniqueIdentifier>
    </Filter>
    <Filter Include="ソース ファイル\scr\Common\Task">
      <UniqueIdentifier>{bf951e15-f595-4aaf-a7be-e06e7a62079c}</UniqueIdentifier>
    </Filter>
    <Filter Include="ソース ファイル\scr\Common\Fade">
      <UniqueIdentifier>{6f1f9880-c98e-4cc5-98ef-3cb08d1ff2ca}</UniqueIdentifier>
    </Filter>
    <Filter Include="ソース ファイル\scr\Scene\Boot">
      <UniqueIdentifier>{c27004ee-7b8b-490f-b880-1f7f3ed5e4f7}</UniqueIdentifier>
    </Filter>
    <Filter Include="ソース ファイル\scr\Common\FPS">
      <UniqueIdentifier>{c545dc6b-96ed-49fb-b154-59149b8281b8}</UniqueIdentifier>
    </Filter>
    <Filter Include="ソース ファイル\scr\Common\Graphics">
      <UniqueIdentifier>{e1f8af0f-faeb-4d00-9ad8-d158990ba564}</UniqueIdentifier>
    </Filter>
    <Filter Include="ソース ファイル\scr\Scene\MainMenu">
      <UniqueIdentifier>{93974491-997a-4077-b3d8-b4d5d821bee8}</UniqueIdentifier>
    </Filter>
    <Filter Include="ソース ファイル\scr\Scene\MainMenu\Dungeon">
      <UniqueIdentifier>{33c6a5ec-8cdf-4414-bca0-e8ce467bc235}</UniqueIdentifier>
    </Filter>
    <Filter Include="ソース ファイル\scr\Common\Debug">
      <UniqueIdentifier>{eb14c4c4-8149-4310-881f-cdaaa1132c51}</UniqueIdentifier>
    </Filter>
    <Filter Include="ソース ファイル\scr\AppData">
      <UniqueIdentifier>{15bbe84c-e456-4503-99f2-49fff0c5c52b}</UniqueIdentifier>
    </Filter>
    <Filter Include="ソース ファイル\scr\AppData\Character">
      <UniqueIdentifier>{6f644666-712c-43d0-8225-0a1f6c0f4ac4}</UniqueIdentifier>
    </Filter>
    <Filter Include="ソース ファイル\scr\AppData\Character\Monster">
      <UniqueIdentifier>{5597cdff-1d36-4771-a1b5-70f75eb21654}</UniqueIdentifier>
    </Filter>
    <Filter Include="ソース ファイル\scr\AppData\SaveData">
      <UniqueIdentifier>{f469656b-8e3d-4fdb-b722-ae1fac079a20}</UniqueIdentifier>
    </Filter>
    <Filter Include="ソース ファイル\scr\AppData\Character\Player">
      <UniqueIdentifier>{c1d97173-99c4-4c37-8d15-9e207ae24879}</UniqueIdentifier>
    </Filter>
    <Filter Include="ソース ファイル\scr\Common\Input">
      <UniqueIdentifier>{f538b051-6719-4e63-b504-691cf5021072}</UniqueIdentifier>
    </Filter>
    <Filter Include="ソース ファイル\scr\Common\String">
      <UniqueIdentifier>{8ea25679-c91c-4364-9b64-86164219058e}</UniqueIdentifier>
    </Filter>
    <Filter Include="ソース ファイル\scr\Common\String\FontMgr">
      <UniqueIdentifier>{74520f2e-75b5-46ff-8b9a-fdfff0f54b95}</UniqueIdentifier>
    </Filter>
    <Filter Include="ソース ファイル\scr\Common\FileIO">
      <UniqueIdentifier>{268826aa-b36e-4cb5-8948-6623c8e7d326}</UniqueIdentifier>
    </Filter>
    <Filter Include="ソース ファイル\scr\win32\Communication">
      <UniqueIdentifier>{0296e68f-f793-42d9-9df3-4584d01d2792}</UniqueIdentifier>
    </Filter>
    <Filter Include="ソース ファイル\scr\Common\Communication">
      <UniqueIdentifier>{177f63b6-4dab-43cc-83c9-bbc78812425e}</UniqueIdentifier>
    </Filter>
  </ItemGroup>
  <ItemGroup>
    <ClCompile Include="mainWin32.cpp">
      <Filter>ソース ファイル</Filter>
    </ClCompile>
    <ClCompile Include="..\scr\Common\GameMgr.cpp">
      <Filter>ソース ファイル\scr\Common</Filter>
    </ClCompile>
    <ClCompile Include="..\scr\Common\Task\TaskBase.cpp">
      <Filter>ソース ファイル\scr\Common\Task</Filter>
    </ClCompile>
    <ClCompile Include="..\scr\Common\Task\TaskMgr.cpp">
      <Filter>ソース ファイル\scr\Common\Task</Filter>
    </ClCompile>
    <ClCompile Include="..\scr\Scene\ISceneBase.cpp">
      <Filter>ソース ファイル\scr\Scene</Filter>
    </ClCompile>
    <ClCompile Include="..\scr\Scene\SceneMgr.cpp">
      <Filter>ソース ファイル\scr\Scene</Filter>
    </ClCompile>
    <ClCompile Include="..\scr\Test\AITest.cpp">
      <Filter>ソース ファイル\scr\Test</Filter>
    </ClCompile>
    <ClCompile Include="..\scr\Test\Test1.cpp">
      <Filter>ソース ファイル\scr\Test</Filter>
    </ClCompile>
    <ClCompile Include="..\scr\Test\TestMenu.cpp">
      <Filter>ソース ファイル\scr\Test</Filter>
    </ClCompile>
    <ClCompile Include="..\scr\win32\KeyBoard.cpp">
      <Filter>ソース ファイル\scr\win32</Filter>
    </ClCompile>
    <ClCompile Include="..\scr\Scene\Boot\Scene_Boot.cpp">
      <Filter>ソース ファイル\scr\Scene\Boot</Filter>
    </ClCompile>
    <ClCompile Include="..\scr\Scene\Opning\Scene_Opning.cpp">
      <Filter>ソース ファイル\scr\Scene\Opning</Filter>
    </ClCompile>
    <ClCompile Include="..\scr\Scene\Title\Scene_Title.cpp">
      <Filter>ソース ファイル\scr\Scene\Title</Filter>
    </ClCompile>
    <ClCompile Include="..\scr\Common\Fade\Fade.cpp">
      <Filter>ソース ファイル\scr\Common\Fade</Filter>
    </ClCompile>
    <ClCompile Include="..\scr\Common\FPS\FPS.cpp">
      <Filter>ソース ファイル\scr\Common\FPS</Filter>
    </ClCompile>
    <ClCompile Include="..\scr\Common\Graphics\Graphics.cpp">
      <Filter>ソース ファイル\scr\Common\Graphics</Filter>
    </ClCompile>
    <ClCompile Include="..\scr\Scene\MainMenu\Scene_MainMenu.cpp">
      <Filter>ソース ファイル\scr\Scene\MainMenu</Filter>
    </ClCompile>
    <ClCompile Include="..\scr\Common\Graphics\GraphicsBase.cpp">
      <Filter>ソース ファイル\scr\Common\Graphics</Filter>
    </ClCompile>
    <ClCompile Include="..\scr\Common\Graphics\GraphicsDraw.cpp">
      <Filter>ソース ファイル\scr\Common\Graphics</Filter>
    </ClCompile>
    <ClCompile Include="..\scr\Common\Graphics\GraphicsDrawMgr.cpp">
      <Filter>ソース ファイル\scr\Common\Graphics</Filter>
    </ClCompile>
    <ClCompile Include="..\scr\Common\Graphics\GraphicsMulti.cpp">
      <Filter>ソース ファイル\scr\Common\Graphics</Filter>
    </ClCompile>
    <ClCompile Include="..\scr\Common\Debug\Debug.cpp">
      <Filter>ソース ファイル\scr\Common\Debug</Filter>
    </ClCompile>
    <ClCompile Include="..\scr\AppData\Character\CharacterBase.cpp">
      <Filter>ソース ファイル\scr\AppData\Character</Filter>
    </ClCompile>
    <ClCompile Include="..\scr\AppData\Character\Monster\Monster.cpp">
      <Filter>ソース ファイル\scr\AppData\Character\Monster</Filter>
    </ClCompile>
    <ClCompile Include="..\scr\AppData\SaveData\SaveData_win32.cpp">
      <Filter>ソース ファイル\scr\AppData\SaveData</Filter>
    </ClCompile>
    <ClCompile Include="..\scr\AppData\Character\Player\Player.cpp">
      <Filter>ソース ファイル\scr\AppData\Character\Player</Filter>
    </ClCompile>
    <ClCompile Include="..\scr\AppData\AppData.cpp">
      <Filter>ソース ファイル\scr\AppData</Filter>
    </ClCompile>
    <ClCompile Include="..\scr\AppData\Character\Monster\MonsterBox.cpp">
      <Filter>ソース ファイル\scr\AppData\Character\Monster</Filter>
    </ClCompile>
    <ClCompile Include="..\scr\AppData\Character\Monster\MonsterDeck.cpp">
      <Filter>ソース ファイル\scr\AppData\Character\Monster</Filter>
    </ClCompile>
    <ClCompile Include="..\scr\Common\Input\InputBase.cpp">
      <Filter>ソース ファイル\scr\Common\Input</Filter>
    </ClCompile>
    <ClCompile Include="..\scr\Common\Input\Joypad.cpp">
      <Filter>ソース ファイル\scr\Common\Input</Filter>
    </ClCompile>
    <ClCompile Include="..\scr\Common\Input\Keybaord.cpp">
      <Filter>ソース ファイル\scr\Common\Input</Filter>
    </ClCompile>
    <ClCompile Include="..\scr\Common\Input\Touch.cpp">
      <Filter>ソース ファイル\scr\Common\Input</Filter>
    </ClCompile>
    <ClCompile Include="..\scr\Common\String\StringBase.cpp">
      <Filter>ソース ファイル\scr\Common\String</Filter>
    </ClCompile>
    <ClCompile Include="..\scr\Common\String\FontMgr\FontMgr.cpp">
      <Filter>ソース ファイル\scr\Common\String\FontMgr</Filter>
    </ClCompile>
    <ClCompile Include="..\scr\Common\FileIO\FileIO.cpp">
      <Filter>ソース ファイル\scr\Common\FileIO</Filter>
    </ClCompile>
    <ClCompile Include="..\scr\Common\FileIO\WriteBynary.cpp">
      <Filter>ソース ファイル\scr\Common\FileIO</Filter>
    </ClCompile>
    <ClCompile Include="..\scr\Common\FileIO\ReadBynary.cpp">
      <Filter>ソース ファイル\scr\Common\FileIO</Filter>
    </ClCompile>
    <ClCompile Include="..\scr\win32\Communication\ReceiveUDP_win32.cpp">
      <Filter>ソース ファイル\scr\win32\Communication</Filter>
    </ClCompile>
    <ClCompile Include="..\scr\win32\Communication\SendUDP_win32.cpp">
      <Filter>ソース ファイル\scr\win32\Communication</Filter>
    </ClCompile>
    <ClCompile Include="..\scr\Common\Communication\Communication.cpp">
      <Filter>ソース ファイル\scr\Common\Communication</Filter>
    </ClCompile>
    <ClCompile Include="..\scr\Test\TestCommunication.cpp">
      <Filter>ソース ファイル\scr\Test</Filter>
    </ClCompile>
  </ItemGroup>
  <ItemGroup>
    <ClInclude Include="..\scr\Common\GameMgr.h">
      <Filter>ソース ファイル\scr\Common</Filter>
    </ClInclude>
    <ClInclude Include="..\scr\Common\Task\Task.h">
      <Filter>ソース ファイル\scr\Common\Task</Filter>
    </ClInclude>
    <ClInclude Include="..\scr\Common\Task\TaskBase.h">
      <Filter>ソース ファイル\scr\Common\Task</Filter>
    </ClInclude>
    <ClInclude Include="..\scr\Common\Task\TaskMgr.h">
      <Filter>ソース ファイル\scr\Common\Task</Filter>
    </ClInclude>
    <ClInclude Include="..\scr\Scene\ISceneBase.h">
      <Filter>ソース ファイル\scr\Scene</Filter>
    </ClInclude>
    <ClInclude Include="..\scr\Scene\SceneBase.h">
      <Filter>ソース ファイル\scr\Scene</Filter>
    </ClInclude>
    <ClInclude Include="..\scr\Scene\SceneMgr.h">
      <Filter>ソース ファイル\scr\Scene</Filter>
    </ClInclude>
    <ClInclude Include="..\scr\Test\AITest.h">
      <Filter>ソース ファイル\scr\Test</Filter>
    </ClInclude>
    <ClInclude Include="..\scr\Test\Test1.h">
      <Filter>ソース ファイル\scr\Test</Filter>
    </ClInclude>
    <ClInclude Include="..\scr\Test\TestMenu.h">
      <Filter>ソース ファイル\scr\Test</Filter>
    </ClInclude>
    <ClInclude Include="..\scr\win32\KeyBoard.h">
      <Filter>ソース ファイル\scr\win32</Filter>
    </ClInclude>
    <ClInclude Include="..\scr\Scene\Boot\Scene_Boot.h">
      <Filter>ソース ファイル\scr\Scene\Boot</Filter>
    </ClInclude>
    <ClInclude Include="..\scr\Scene\Opning\Scene_Opning.h">
      <Filter>ソース ファイル\scr\Scene\Opning</Filter>
    </ClInclude>
    <ClInclude Include="..\scr\Scene\Title\Scene_Title.h">
      <Filter>ソース ファイル\scr\Scene\Title</Filter>
    </ClInclude>
    <ClInclude Include="..\scr\Common\Fade\Fade.h">
      <Filter>ソース ファイル\scr\Common\Fade</Filter>
    </ClInclude>
    <ClInclude Include="..\scr\Common\FPS\FPS.h">
      <Filter>ソース ファイル\scr\Common\FPS</Filter>
    </ClInclude>
    <ClInclude Include="..\scr\Common\Graphics\Graphics.h">
      <Filter>ソース ファイル\scr\Common\Graphics</Filter>
    </ClInclude>
    <ClInclude Include="..\scr\Scene\MainMenu\Scene_MainMenu.h">
      <Filter>ソース ファイル\scr\Scene\MainMenu</Filter>
    </ClInclude>
    <ClInclude Include="..\scr\Common\Graphics\GraphicsBase.h">
      <Filter>ソース ファイル\scr\Common\Graphics</Filter>
    </ClInclude>
    <ClInclude Include="..\scr\Common\Graphics\GraphicsDraw.h">
      <Filter>ソース ファイル\scr\Common\Graphics</Filter>
    </ClInclude>
    <ClInclude Include="..\scr\Common\Graphics\GraphicsDrawMgr.h">
      <Filter>ソース ファイル\scr\Common\Graphics</Filter>
    </ClInclude>
    <ClInclude Include="..\scr\Common\Graphics\GraphicsMulti.h">
      <Filter>ソース ファイル\scr\Common\Graphics</Filter>
    </ClInclude>
    <ClInclude Include="..\scr\Common\Debug\Debug.h">
      <Filter>ソース ファイル\scr\Common\Debug</Filter>
    </ClInclude>
    <ClInclude Include="..\scr\Common\GameCommon.h">
      <Filter>ソース ファイル\scr\Common</Filter>
    </ClInclude>
    <ClInclude Include="..\scr\AppData\SaveData\SaveData.h">
      <Filter>ソース ファイル\scr\AppData\SaveData</Filter>
    </ClInclude>
    <ClInclude Include="..\scr\AppData\Character\CharacterBase.h">
      <Filter>ソース ファイル\scr\AppData\Character</Filter>
    </ClInclude>
    <ClInclude Include="..\scr\AppData\Character\Monster\Monster.h">
      <Filter>ソース ファイル\scr\AppData\Character\Monster</Filter>
    </ClInclude>
    <ClInclude Include="..\scr\AppData\Character\Player\Player.h">
      <Filter>ソース ファイル\scr\AppData\Character\Player</Filter>
    </ClInclude>
    <ClInclude Include="..\scr\AppData\AppData.h">
      <Filter>ソース ファイル\scr\AppData</Filter>
    </ClInclude>
    <ClInclude Include="..\scr\AppData\Character\Monster\MonsterBox.h">
      <Filter>ソース ファイル\scr\AppData\Character\Monster</Filter>
    </ClInclude>
    <ClInclude Include="..\scr\AppData\Character\Monster\MonsterDeck.h">
      <Filter>ソース ファイル\scr\AppData\Character\Monster</Filter>
    </ClInclude>
    <ClInclude Include="..\scr\Common\Input\InputBase.h">
      <Filter>ソース ファイル\scr\Common\Input</Filter>
    </ClInclude>
    <ClInclude Include="..\scr\Common\Input\Joypad.h">
      <Filter>ソース ファイル\scr\Common\Input</Filter>
    </ClInclude>
    <ClInclude Include="..\scr\Common\Input\Keybaord.h">
      <Filter>ソース ファイル\scr\Common\Input</Filter>
    </ClInclude>
    <ClInclude Include="..\scr\Common\Input\Touch.h">
      <Filter>ソース ファイル\scr\Common\Input</Filter>
    </ClInclude>
    <ClInclude Include="..\scr\Common\String\StringBase.h">
      <Filter>ソース ファイル\scr\Common\String</Filter>
    </ClInclude>
    <ClInclude Include="..\scr\Common\String\FontMgr\FontMgr.h">
      <Filter>ソース ファイル\scr\Common\String\FontMgr</Filter>
    </ClInclude>
    <ClInclude Include="..\scr\Common\FileIO\FileIO.h">
      <Filter>ソース ファイル\scr\Common\FileIO</Filter>
    </ClInclude>
    <ClInclude Include="..\scr\Common\FileIO\WriteBynary.h">
      <Filter>ソース ファイル\scr\Common\FileIO</Filter>
    </ClInclude>
    <ClInclude Include="..\scr\Common\FileIO\ReadBynary.h">
      <Filter>ソース ファイル\scr\Common\FileIO</Filter>
    </ClInclude>
    <ClInclude Include="..\scr\Common\Communication\Communication.h">
      <Filter>ソース ファイル\scr\Common\Communication</Filter>
    </ClInclude>
    <ClInclude Include="..\scr\Common\Communication\ReceiveUDP.h">
      <Filter>ソース ファイル\scr\Common\Communication</Filter>
    </ClInclude>
    <ClInclude Include="..\scr\Common\Communication\SendUDP.h">
      <Filter>ソース ファイル\scr\Common\Communication</Filter>
    </ClInclude>
    <ClInclude Include="..\scr\Test\TestCommunication.h">
      <Filter>ソース ファイル\scr\Test</Filter>
    </ClInclude>
  </ItemGroup>
</Project>