<?xml version="1.0" encoding="utf-8"?>
<Project ToolsVersion="4.0" xmlns="http://schemas.microsoft.com/developer/msbuild/2003">
  <ItemGroup>
    <Filter Include="ソース ファイル">
      <UniqueIdentifier>{4FC737F1-C7A5-4376-A066-2A32D752A2FF}</UniqueIdentifier>
      <Extensions>cpp;c;cc;cxx;def;odl;idl;hpj;bat;asm;asmx</Extensions>
    </Filter>
    <Filter Include="ヘッダー ファイル">
      <UniqueIdentifier>{93995380-89BD-4b04-88EB-625FBE52EBFB}</UniqueIdentifier>
      <Extensions>h;hh;hpp;hxx;hm;inl;inc;xsd</Extensions>
    </Filter>
    <Filter Include="リソース ファイル">
      <UniqueIdentifier>{67DA6AB6-F800-4c08-8B7A-83BB121AAD01}</UniqueIdentifier>
      <Extensions>rc;ico;cur;bmp;dlg;rc2;rct;bin;rgs;gif;jpg;jpeg;jpe;resx;tiff;tif;png;wav;mfcribbon-ms</Extensions>
    </Filter>
    <Filter Include="ソース ファイル\scr">
      <UniqueIdentifier>{86d035a5-859a-41ab-9425-76e3d7357fb8}</UniqueIdentifier>
    </Filter>
    <Filter Include="ソース ファイル\scr\Common">
      <UniqueIdentifier>{b1278e6a-2292-458e-bebb-8621541e480c}</UniqueIdentifier>
    </Filter>
    <Filter Include="ソース ファイル\scr\Test">
      <UniqueIdentifier>{79cfc21c-a0e5-41b1-81c5-076c33a85193}</UniqueIdentifier>
    </Filter>
    <Filter Include="ソース ファイル\scr\Scene">
      <UniqueIdentifier>{64f7d15d-9d02-4a6a-b87b-b69a506f37e3}</UniqueIdentifier>
    </Filter>
    <Filter Include="ソース ファイル\scr\win32">
      <UniqueIdentifier>{c58ed2fb-263f-4a8d-918d-4f4b2483da35}</UniqueIdentifier>
    </Filter>
    <Filter Include="ソース ファイル\scr\Scene\Title">
      <UniqueIdentifier>{7a704b7b-79dc-46a7-b984-c52702cc3169}</UniqueIdentifier>
    </Filter>
    <Filter Include="ソース ファイル\scr\Scene\Opning">
      <UniqueIdentifier>{95cc15c5-892a-4320-b7e9-7ae40ba310a1}</UniqueIdentifier>
    </Filter>
    <Filter Include="ソース ファイル\scr\Common\Task">
      <UniqueIdentifier>{bf951e15-f595-4aaf-a7be-e06e7a62079c}</UniqueIdentifier>
    </Filter>
    <Filter Include="ソース ファイル\scr\Common\Fade">
      <UniqueIdentifier>{6f1f9880-c98e-4cc5-98ef-3cb08d1ff2ca}</UniqueIdentifier>
    </Filter>
    <Filter Include="ソース ファイル\scr\Scene\Boot">
      <UniqueIdentifier>{c27004ee-7b8b-490f-b880-1f7f3ed5e4f7}</UniqueIdentifier>
    </Filter>
    <Filter Include="ソース ファイル\scr\Common\FPS">
      <UniqueIdentifier>{c545dc6b-96ed-49fb-b154-59149b8281b8}</UniqueIdentifier>
    </Filter>
    <Filter Include="ソース ファイル\scr\Common\Graphics">
      <UniqueIdentifier>{e1f8af0f-faeb-4d00-9ad8-d158990ba564}</UniqueIdentifier>
    </Filter>
    <Filter Include="ソース ファイル\scr\Scene\MainMenu">
      <UniqueIdentifier>{93974491-997a-4077-b3d8-b4d5d821bee8}</UniqueIdentifier>
    </Filter>
    <Filter Include="ソース ファイル\scr\Scene\MainMenu\Dungeon">
      <UniqueIdentifier>{33c6a5ec-8cdf-4414-bca0-e8ce467bc235}</UniqueIdentifier>
    </Filter>
    <Filter Include="ソース ファイル\scr\Common\Debug">
      <UniqueIdentifier>{eb14c4c4-8149-4310-881f-cdaaa1132c51}</UniqueIdentifier>
    </Filter>
    <Filter Include="ソース ファイル\scr\AppData">
      <UniqueIdentifier>{15bbe84c-e456-4503-99f2-49fff0c5c52b}</UniqueIdentifier>
    </Filter>
    <Filter Include="ソース ファイル\scr\AppData\Character">
      <UniqueIdentifier>{6f644666-712c-43d0-8225-0a1f6c0f4ac4}</UniqueIdentifier>
    </Filter>
    <Filter Include="ソース ファイル\scr\AppData\Character\Monster">
      <UniqueIdentifier>{5597cdff-1d36-4771-a1b5-70f75eb21654}</UniqueIdentifier>
    </Filter>
    <Filter Include="ソース ファイル\scr\AppData\SaveData">
      <UniqueIdentifier>{f469656b-8e3d-4fdb-b722-ae1fac079a20}</UniqueIdentifier>
    </Filter>
    <Filter Include="ソース ファイル\scr\AppData\Character\Player">
      <UniqueIdentifier>{c1d97173-99c4-4c37-8d15-9e207ae24879}</UniqueIdentifier>
    </Filter>
    <Filter Include="ソース ファイル\scr\Common\Input">
      <UniqueIdentifier>{f538b051-6719-4e63-b504-691cf5021072}</UniqueIdentifier>
    </Filter>
    <Filter Include="ソース ファイル\scr\Common\String">
      <UniqueIdentifier>{8ea25679-c91c-4364-9b64-86164219058e}</UniqueIdentifier>
    </Filter>
    <Filter Include="ソース ファイル\scr\Common\String\FontMgr">
      <UniqueIdentifier>{74520f2e-75b5-46ff-8b9a-fdfff0f54b95}</UniqueIdentifier>
    </Filter>
    <Filter Include="ソース ファイル\scr\Common\FileIO">
      <UniqueIdentifier>{268826aa-b36e-4cb5-8948-6623c8e7d326}</UniqueIdentifier>
    </Filter>
    <Filter Include="ソース ファイル\scr\win32\Communication">
      <UniqueIdentifier>{0296e68f-f793-42d9-9df3-4584d01d2792}</UniqueIdentifier>
    </Filter>
    <Filter Include="ソース ファイル\scr\Common\Communication">
      <UniqueIdentifier>{177f63b6-4dab-43cc-83c9-bbc78812425e}</UniqueIdentifier>
    </Filter>
    <Filter Include="ソース ファイル\scr\Common\CommonResource">
      <UniqueIdentifier>{bdba7987-16b7-4973-9927-2aa21b061221}</UniqueIdentifier>
    </Filter>
    <Filter Include="ソース ファイル\scr\Common\XML">
      <UniqueIdentifier>{3941fc28-da0d-45eb-b4af-1dc8cddbadf2}</UniqueIdentifier>
    </Filter>
    <Filter Include="ソース ファイル\scr\Common\Window">
      <UniqueIdentifier>{aefbda65-a733-472a-b8ad-ee59258f3370}</UniqueIdentifier>
    </Filter>
    <Filter Include="ソース ファイル\scr\Scene\MainMenu\Dungeon\Battle">
      <UniqueIdentifier>{f7af2f11-6951-4229-b3e4-7258f649f381}</UniqueIdentifier>
    </Filter>
    <Filter Include="ソース ファイル\scr\Common\Animation">
      <UniqueIdentifier>{3d6904d6-b12c-4b8d-9386-3667c19562c5}</UniqueIdentifier>
    </Filter>
    <Filter Include="ソース ファイル\scr\Common\ResourceLoader">
      <UniqueIdentifier>{c9b0d4fa-da14-41f7-8a04-4e83e68eb3a5}</UniqueIdentifier>
    </Filter>
    <Filter Include="ソース ファイル\scr\Common\FileLoader">
      <UniqueIdentifier>{b97ee173-8022-44b7-8862-db725ab81358}</UniqueIdentifier>
    </Filter>
    <Filter Include="ソース ファイル\scr\Common\Script">
      <UniqueIdentifier>{15378a93-c63f-437d-a6b2-157fc58dd492}</UniqueIdentifier>
    </Filter>
    <Filter Include="ソース ファイル\scr\Common\Animation\Easing">
      <UniqueIdentifier>{f26da272-0c6b-48c1-8d9f-719d5b9d679d}</UniqueIdentifier>
    </Filter>
    <Filter Include="ソース ファイル\scr\Common\Sound">
      <UniqueIdentifier>{b99a069c-0bf0-4280-b941-fd43fa3bf95d}</UniqueIdentifier>
    </Filter>
    <Filter Include="ソース ファイル\scr\Scene\MainMenu\MonsterBox">
      <UniqueIdentifier>{78d7da7c-26cd-447a-841e-0e464962b966}</UniqueIdentifier>
    </Filter>
    <Filter Include="ソース ファイル\scr\Scene\MainMenu\Gatya">
      <UniqueIdentifier>{2b446f43-fb77-4d5f-9d03-b78d0228eaf6}</UniqueIdentifier>
    </Filter>
    <Filter Include="ソース ファイル\scr\Scene\MainMenu\Shop">
      <UniqueIdentifier>{46f6f483-65e3-4d17-a41f-038a95d2dc24}</UniqueIdentifier>
    </Filter>
    <Filter Include="ソース ファイル\scr\Scene\MainMenu\PlayerInfomation">
      <UniqueIdentifier>{fd9f79fd-d745-44ec-aece-d80b01495726}</UniqueIdentifier>
    </Filter>
    <Filter Include="ソース ファイル\scr\Common\Graphics\Window">
      <UniqueIdentifier>{e65047a1-5e44-440e-8e99-208dd11bd31b}</UniqueIdentifier>
    </Filter>
    <Filter Include="ソース ファイル\scr\Common\Graphics\Button">
      <UniqueIdentifier>{d46d96b8-4910-47df-ae80-12808c72f62e}</UniqueIdentifier>
    </Filter>
    <Filter Include="ソース ファイル\scr\Common\System">
      <UniqueIdentifier>{a479210e-98eb-4c3e-a8c6-8987ed620a2d}</UniqueIdentifier>
    </Filter>
    <Filter Include="ソース ファイル\scr\Scene\Prologue">
      <UniqueIdentifier>{52e670c0-2bba-4cfb-8ea0-99224ce75194}</UniqueIdentifier>
    </Filter>
    <Filter Include="ソース ファイル\scr\Scene\MainMenu\Dungeon\Map">
      <UniqueIdentifier>{991fa6da-bd52-4e91-ae06-da414dae7746}</UniqueIdentifier>
    </Filter>
    <Filter Include="ソース ファイル\scr\AppData\Character\Monster\Skill">
      <UniqueIdentifier>{b68c593b-d8bf-4985-a679-44263e53b86a}</UniqueIdentifier>
    </Filter>
    <Filter Include="ソース ファイル\scr\Common\Effect">
      <UniqueIdentifier>{d2245f5a-e428-49ea-96d5-4df8bceac8fe}</UniqueIdentifier>
    </Filter>
    <Filter Include="ソース ファイル\scr\AppData\Character\Monster\Skill\Attak">
      <UniqueIdentifier>{3a8991a8-688c-41db-b089-a9fca43c1249}</UniqueIdentifier>
    </Filter>
    <Filter Include="ソース ファイル\scr\AppData\Character\Monster\Skill\Heal">
      <UniqueIdentifier>{16b10abd-9419-43ef-878e-e95d3db411d6}</UniqueIdentifier>
    </Filter>
    <Filter Include="ソース ファイル\scr\AppData\Character\Monster\Skill\Assistance">
      <UniqueIdentifier>{9dff683c-b7ca-4e65-a555-eceea815b38d}</UniqueIdentifier>
    </Filter>
    <Filter Include="ソース ファイル\scr\Common\FileLoader\TblLoader">
      <UniqueIdentifier>{45e450c5-5ca9-40b7-a5d8-7a04b9865b63}</UniqueIdentifier>
    </Filter>
    <Filter Include="ソース ファイル\scr\AppData\StoryData">
      <UniqueIdentifier>{ed491dc6-24ab-4e85-be35-ef4736bd5b91}</UniqueIdentifier>
    </Filter>
    <Filter Include="ソース ファイル\scr\Common\ResourceTable">
      <UniqueIdentifier>{d3c9947e-8c7d-43c5-96cd-1c1ed1531463}</UniqueIdentifier>
    </Filter>
    <Filter Include="ソース ファイル\scr\Common\Effect\Particle">
      <UniqueIdentifier>{b78c31a9-d758-41c7-928a-93108d68f04a}</UniqueIdentifier>
    </Filter>
    <Filter Include="ソース ファイル\scr\Common\Utility">
      <UniqueIdentifier>{41b8a653-deed-4c7a-b293-e9bc5b882db4}</UniqueIdentifier>
    </Filter>
    <Filter Include="ソース ファイル\scr\Scene\MainMenu\Dungeon\Battle\BattleUI">
      <UniqueIdentifier>{345de5f7-4722-467f-bef2-ee747987ea6c}</UniqueIdentifier>
    </Filter>
    <Filter Include="ソース ファイル\scr\Scene\MainMenu\Dungeon\Battle\BattlePhase">
      <UniqueIdentifier>{bd52738d-d486-4dc8-abbb-db348220691e}</UniqueIdentifier>
    </Filter>
    <Filter Include="ソース ファイル\scr\Scene\MainMenu\Dungeon\Battle\BattleUtil">
      <UniqueIdentifier>{7772d92e-d88b-4912-beaa-be91f767b1ac}</UniqueIdentifier>
    </Filter>
    <Filter Include="ソース ファイル\scr\Scene\MainMenu\Dungeon\Battle\BattleUtil\MonsterUnit">
      <UniqueIdentifier>{836afd7a-c120-4221-a598-ddedd37185f0}</UniqueIdentifier>
    </Filter>
    <Filter Include="ソース ファイル\scr\Scene\MainMenu\Dungeon\Battle\BattleUtil\BattleBuff">
      <UniqueIdentifier>{08ce2290-6e32-4212-a055-7c8253630411}</UniqueIdentifier>
    </Filter>
    <Filter Include="ソース ファイル\scr\Scene\MainMenu\Dungeon\Battle\BattleUtil\BattleInfo">
      <UniqueIdentifier>{b41e9e60-53f1-42b5-9e8e-0176f3ea6aba}</UniqueIdentifier>
    </Filter>
    <Filter Include="ソース ファイル\scr\Scene\MainMenu\Dungeon\Battle\BattlePhase\BattleProc">
      <UniqueIdentifier>{10c40b69-ed49-4569-a170-cd92b8fe52d6}</UniqueIdentifier>
    </Filter>
    <Filter Include="ソース ファイル\scr\Common\String\CharConverter">
      <UniqueIdentifier>{f26c0a32-7c97-44e2-96f2-dced395349fb}</UniqueIdentifier>
    </Filter>
  </ItemGroup>
  <ItemGroup>
    <ClCompile Include="mainWin32.cpp">
      <Filter>ソース ファイル</Filter>
    </ClCompile>
    <ClCompile Include="..\scr\Common\GameMgr.cpp">
      <Filter>ソース ファイル\scr\Common</Filter>
    </ClCompile>
    <ClCompile Include="..\scr\Common\Task\TaskBase.cpp">
      <Filter>ソース ファイル\scr\Common\Task</Filter>
    </ClCompile>
    <ClCompile Include="..\scr\Common\Task\TaskMgr.cpp">
      <Filter>ソース ファイル\scr\Common\Task</Filter>
    </ClCompile>
    <ClCompile Include="..\scr\Scene\ISceneBase.cpp">
      <Filter>ソース ファイル\scr\Scene</Filter>
    </ClCompile>
    <ClCompile Include="..\scr\Scene\SceneMgr.cpp">
      <Filter>ソース ファイル\scr\Scene</Filter>
    </ClCompile>
    <ClCompile Include="..\scr\Test\AITest.cpp">
      <Filter>ソース ファイル\scr\Test</Filter>
    </ClCompile>
    <ClCompile Include="..\scr\Test\Test1.cpp">
      <Filter>ソース ファイル\scr\Test</Filter>
    </ClCompile>
    <ClCompile Include="..\scr\Test\TestMenu.cpp">
      <Filter>ソース ファイル\scr\Test</Filter>
    </ClCompile>
    <ClCompile Include="..\scr\win32\KeyBoard.cpp">
      <Filter>ソース ファイル\scr\win32</Filter>
    </ClCompile>
    <ClCompile Include="..\scr\Scene\Boot\Scene_Boot.cpp">
      <Filter>ソース ファイル\scr\Scene\Boot</Filter>
    </ClCompile>
    <ClCompile Include="..\scr\Scene\Opning\Scene_Opning.cpp">
      <Filter>ソース ファイル\scr\Scene\Opning</Filter>
    </ClCompile>
    <ClCompile Include="..\scr\Scene\Title\Scene_Title.cpp">
      <Filter>ソース ファイル\scr\Scene\Title</Filter>
    </ClCompile>
    <ClCompile Include="..\scr\Common\Fade\Fade.cpp">
      <Filter>ソース ファイル\scr\Common\Fade</Filter>
    </ClCompile>
    <ClCompile Include="..\scr\Common\FPS\FPS.cpp">
      <Filter>ソース ファイル\scr\Common\FPS</Filter>
    </ClCompile>
    <ClCompile Include="..\scr\Common\Graphics\Graphics.cpp">
      <Filter>ソース ファイル\scr\Common\Graphics</Filter>
    </ClCompile>
    <ClCompile Include="..\scr\Scene\MainMenu\Scene_MainMenu.cpp">
      <Filter>ソース ファイル\scr\Scene\MainMenu</Filter>
    </ClCompile>
    <ClCompile Include="..\scr\Common\Graphics\GraphicsBase.cpp">
      <Filter>ソース ファイル\scr\Common\Graphics</Filter>
    </ClCompile>
    <ClCompile Include="..\scr\Common\Graphics\GraphicsDraw.cpp">
      <Filter>ソース ファイル\scr\Common\Graphics</Filter>
    </ClCompile>
    <ClCompile Include="..\scr\Common\Graphics\GraphicsDrawMgr.cpp">
      <Filter>ソース ファイル\scr\Common\Graphics</Filter>
    </ClCompile>
    <ClCompile Include="..\scr\Common\Graphics\GraphicsMulti.cpp">
      <Filter>ソース ファイル\scr\Common\Graphics</Filter>
    </ClCompile>
    <ClCompile Include="..\scr\Common\Debug\Debug.cpp">
      <Filter>ソース ファイル\scr\Common\Debug</Filter>
    </ClCompile>
    <ClCompile Include="..\scr\AppData\Character\CharacterBase.cpp">
      <Filter>ソース ファイル\scr\AppData\Character</Filter>
    </ClCompile>
    <ClCompile Include="..\scr\AppData\Character\Monster\Monster.cpp">
      <Filter>ソース ファイル\scr\AppData\Character\Monster</Filter>
    </ClCompile>
    <ClCompile Include="..\scr\AppData\SaveData\SaveData_win32.cpp">
      <Filter>ソース ファイル\scr\AppData\SaveData</Filter>
    </ClCompile>
    <ClCompile Include="..\scr\AppData\Character\Player\Player.cpp">
      <Filter>ソース ファイル\scr\AppData\Character\Player</Filter>
    </ClCompile>
    <ClCompile Include="..\scr\AppData\AppData.cpp">
      <Filter>ソース ファイル\scr\AppData</Filter>
    </ClCompile>
    <ClCompile Include="..\scr\AppData\Character\Monster\MonsterBox.cpp">
      <Filter>ソース ファイル\scr\AppData\Character\Monster</Filter>
    </ClCompile>
    <ClCompile Include="..\scr\AppData\Character\Monster\MonsterDeck.cpp">
      <Filter>ソース ファイル\scr\AppData\Character\Monster</Filter>
    </ClCompile>
    <ClCompile Include="..\scr\Common\Input\InputBase.cpp">
      <Filter>ソース ファイル\scr\Common\Input</Filter>
    </ClCompile>
    <ClCompile Include="..\scr\Common\Input\Joypad.cpp">
      <Filter>ソース ファイル\scr\Common\Input</Filter>
    </ClCompile>
    <ClCompile Include="..\scr\Common\Input\Keybaord.cpp">
      <Filter>ソース ファイル\scr\Common\Input</Filter>
    </ClCompile>
    <ClCompile Include="..\scr\Common\Input\Touch.cpp">
      <Filter>ソース ファイル\scr\Common\Input</Filter>
    </ClCompile>
    <ClCompile Include="..\scr\Common\String\StringBase.cpp">
      <Filter>ソース ファイル\scr\Common\String</Filter>
    </ClCompile>
    <ClCompile Include="..\scr\Common\String\FontMgr\FontMgr.cpp">
      <Filter>ソース ファイル\scr\Common\String\FontMgr</Filter>
    </ClCompile>
    <ClCompile Include="..\scr\Common\FileIO\FileIO.cpp">
      <Filter>ソース ファイル\scr\Common\FileIO</Filter>
    </ClCompile>
    <ClCompile Include="..\scr\Common\FileIO\WriteBynary.cpp">
      <Filter>ソース ファイル\scr\Common\FileIO</Filter>
    </ClCompile>
    <ClCompile Include="..\scr\Common\FileIO\ReadBynary.cpp">
      <Filter>ソース ファイル\scr\Common\FileIO</Filter>
    </ClCompile>
    <ClCompile Include="..\scr\win32\Communication\ReceiveUDP_win32.cpp">
      <Filter>ソース ファイル\scr\win32\Communication</Filter>
    </ClCompile>
    <ClCompile Include="..\scr\win32\Communication\SendUDP_win32.cpp">
      <Filter>ソース ファイル\scr\win32\Communication</Filter>
    </ClCompile>
    <ClCompile Include="..\scr\Common\Communication\Communication.cpp">
      <Filter>ソース ファイル\scr\Common\Communication</Filter>
    </ClCompile>
    <ClCompile Include="..\scr\Test\TestCommunication.cpp">
      <Filter>ソース ファイル\scr\Test</Filter>
    </ClCompile>
    <ClCompile Include="..\scr\Common\CommonResource\CommonResource.cpp">
      <Filter>ソース ファイル\scr\Common\CommonResource</Filter>
    </ClCompile>
    <ClCompile Include="..\scr\Common\XML\XmlPurser.cpp">
      <Filter>ソース ファイル\scr\Common\XML</Filter>
    </ClCompile>
    <ClCompile Include="..\scr\win32\FrameWork_win32.cpp">
      <Filter>ソース ファイル\scr\win32</Filter>
    </ClCompile>
    <ClCompile Include="..\scr\Common\Debug\DebugList.cpp">
      <Filter>ソース ファイル\scr\Common\Debug</Filter>
    </ClCompile>
    <ClCompile Include="..\scr\Common\Window\WindowBase.cpp">
      <Filter>ソース ファイル\scr\Common\Window</Filter>
    </ClCompile>
    <ClCompile Include="..\scr\Scene\MainMenu\Dungeon\DungeonMenu.cpp">
      <Filter>ソース ファイル\scr\Scene\MainMenu\Dungeon</Filter>
    </ClCompile>
    <ClCompile Include="..\scr\Scene\MainMenu\Dungeon\DungeonBase.cpp">
      <Filter>ソース ファイル\scr\Scene\MainMenu\Dungeon</Filter>
    </ClCompile>
    <ClCompile Include="..\scr\Common\Input\Mouse.cpp">
      <Filter>ソース ファイル\scr\Common\Input</Filter>
    </ClCompile>
    <ClCompile Include="..\scr\win32\MouseInput.cpp">
      <Filter>ソース ファイル\scr\win32</Filter>
    </ClCompile>
    <ClCompile Include="..\scr\Scene\MainMenu\Dungeon\Battle\BattleBase.cpp">
      <Filter>ソース ファイル\scr\Scene\MainMenu\Dungeon\Battle</Filter>
    </ClCompile>
    <ClCompile Include="..\scr\Test\TestBattle.cpp">
      <Filter>ソース ファイル\scr\Test</Filter>
    </ClCompile>
    <ClCompile Include="..\scr\Common\Animation\Animation.cpp">
      <Filter>ソース ファイル\scr\Common\Animation</Filter>
    </ClCompile>
    <ClCompile Include="..\scr\Common\Script\ScriptBase.cpp">
      <Filter>ソース ファイル\scr\Common\Script</Filter>
    </ClCompile>
    <ClCompile Include="..\scr\Common\ResourceLoader\ResourceLoader.cpp">
      <Filter>ソース ファイル\scr\Common\ResourceLoader</Filter>
    </ClCompile>
    <ClCompile Include="..\scr\Common\FileLoader\File.cpp">
      <Filter>ソース ファイル\scr\Common\FileLoader</Filter>
    </ClCompile>
    <ClCompile Include="..\scr\Common\FileLoader\Loader.cpp">
      <Filter>ソース ファイル\scr\Common\FileLoader</Filter>
    </ClCompile>
    <ClCompile Include="..\scr\AppData\Character\Monster\MonsterMgr.cpp">
      <Filter>ソース ファイル\scr\AppData\Character\Monster</Filter>
    </ClCompile>
    <ClCompile Include="..\scr\Scene\MainMenu\Dungeon\Battle\BattleCalculator.cpp">
      <Filter>ソース ファイル\scr\Scene\MainMenu\Dungeon\Battle</Filter>
    </ClCompile>
    <ClCompile Include="..\scr\Test\TestADV.cpp">
      <Filter>ソース ファイル\scr\Test</Filter>
    </ClCompile>
    <ClCompile Include="..\scr\Common\Script\ScriptAnimation.cpp">
      <Filter>ソース ファイル\scr\Common\Script</Filter>
    </ClCompile>
    <ClCompile Include="..\scr\Common\Animation\Easing\Easing.cpp">
      <Filter>ソース ファイル\scr\Common\Animation\Easing</Filter>
    </ClCompile>
    <ClCompile Include="..\scr\Scene\MainMenu\Dungeon\DungeonMgr.cpp">
      <Filter>ソース ファイル\scr\Scene\MainMenu\Dungeon</Filter>
    </ClCompile>
    <ClCompile Include="..\scr\Common\Input\MobileInput.cpp">
      <Filter>ソース ファイル\scr\Common\Input</Filter>
    </ClCompile>
    <ClCompile Include="..\scr\Common\Input\ClickInput.cpp">
      <Filter>ソース ファイル\scr\Common\Input</Filter>
    </ClCompile>
    <ClCompile Include="..\scr\Common\Input\PadInput.cpp">
      <Filter>ソース ファイル\scr\Common\Input</Filter>
    </ClCompile>
    <ClCompile Include="..\scr\Common\String\StringClick.cpp">
      <Filter>ソース ファイル\scr\Common\String</Filter>
    </ClCompile>
    <ClCompile Include="..\scr\Scene\MainMenu\Dungeon\Battle\BattleAnimation.cpp">
      <Filter>ソース ファイル\scr\Scene\MainMenu\Dungeon\Battle</Filter>
    </ClCompile>
    <ClCompile Include="..\scr\Scene\MainMenu\PlayerInfomation\PlayerInfomation.cpp">
      <Filter>ソース ファイル\scr\Scene\MainMenu\PlayerInfomation</Filter>
    </ClCompile>
    <ClCompile Include="..\scr\Common\Graphics\Window\WindowGraph.cpp">
      <Filter>ソース ファイル\scr\Common\Graphics\Window</Filter>
    </ClCompile>
    <ClCompile Include="..\scr\Common\Graphics\Button\Button.cpp">
      <Filter>ソース ファイル\scr\Common\Graphics\Button</Filter>
    </ClCompile>
    <ClCompile Include="..\scr\Common\Graphics\Button\ButtonGraph.cpp">
      <Filter>ソース ファイル\scr\Common\Graphics\Button</Filter>
    </ClCompile>
    <ClCompile Include="..\scr\Common\String\FontMgr\BMFont.cpp">
      <Filter>ソース ファイル\scr\Common\String\FontMgr</Filter>
    </ClCompile>
    <ClCompile Include="..\scr\Common\Sound\Sound.cpp">
      <Filter>ソース ファイル\scr\Common\Sound</Filter>
    </ClCompile>
    <ClCompile Include="..\scr\Common\Sound\SoundMgr.cpp">
      <Filter>ソース ファイル\scr\Common\Sound</Filter>
    </ClCompile>
    <ClCompile Include="..\scr\Scene\Prologue\Scene_Prologue.cpp">
      <Filter>ソース ファイル\scr\Scene\Prologue</Filter>
    </ClCompile>
    <ClCompile Include="..\scr\Scene\MainMenu\Dungeon\Map\Map.cpp">
      <Filter>ソース ファイル\scr\Scene\MainMenu\Dungeon\Map</Filter>
    </ClCompile>
    <ClCompile Include="..\scr\Scene\MainMenu\Dungeon\Map\MapField.cpp">
      <Filter>ソース ファイル\scr\Scene\MainMenu\Dungeon\Map</Filter>
    </ClCompile>
    <ClCompile Include="..\scr\Test\TestMapField.cpp">
      <Filter>ソース ファイル\scr\Test</Filter>
    </ClCompile>
    <ClCompile Include="..\scr\Common\Effect\Effect.cpp">
      <Filter>ソース ファイル\scr\Common\Effect</Filter>
    </ClCompile>
    <ClCompile Include="..\scr\Common\Script\ScriptFunc.cpp">
      <Filter>ソース ファイル\scr\Common\Script</Filter>
    </ClCompile>
    <ClCompile Include="..\scr\AppData\Character\Skill\SkillBase.cpp">
      <Filter>ソース ファイル\scr\AppData\Character\Monster\Skill</Filter>
    </ClCompile>
    <ClCompile Include="..\scr\Test\TestLoader.cpp">
      <Filter>ソース ファイル\scr\Test</Filter>
    </ClCompile>
    <ClCompile Include="..\scr\Common\FileLoader\TblLoader\TblLoader.cpp">
      <Filter>ソース ファイル\scr\Common\FileLoader\TblLoader</Filter>
    </ClCompile>
    <ClCompile Include="..\scr\Common\FileLoader\TblLoader\TblLoaderMgr.cpp">
      <Filter>ソース ファイル\scr\Common\FileLoader\TblLoader</Filter>
    </ClCompile>
    <ClCompile Include="..\scr\AppData\Character\Skill\SkillMgr.cpp">
      <Filter>ソース ファイル\scr\AppData\Character\Monster\Skill</Filter>
    </ClCompile>
    <ClCompile Include="..\scr\AppData\StoryData\StoryData.cpp">
      <Filter>ソース ファイル\scr\AppData\StoryData</Filter>
    </ClCompile>
    <ClCompile Include="..\scr\Common\Graphics\LoadGraphics.cpp">
      <Filter>ソース ファイル\scr\Common\Graphics</Filter>
    </ClCompile>
    <ClCompile Include="..\scr\Common\ResourceTable\GraphTable.cpp">
      <Filter>ソース ファイル\scr\Common\ResourceTable</Filter>
    </ClCompile>
    <ClCompile Include="..\scr\Test\TestMonsterBox.cpp">
      <Filter>ソース ファイル\scr\Test</Filter>
    </ClCompile>
    <ClCompile Include="..\scr\Test\TestEffectPlayer.cpp">
      <Filter>ソース ファイル\scr\Test</Filter>
    </ClCompile>
    <ClCompile Include="..\scr\Common\Effect\Particle\Particle.cpp">
      <Filter>ソース ファイル\scr\Common\Effect\Particle</Filter>
    </ClCompile>
    <ClCompile Include="..\scr\Scene\MainMenu\Dungeon\Battle\BattleEffect.cpp">
      <Filter>ソース ファイル\scr\Scene\MainMenu\Dungeon\Battle</Filter>
    </ClCompile>
    <ClCompile Include="..\scr\Common\Utility\Status.cpp">
      <Filter>ソース ファイル\scr\Common\Utility</Filter>
    </ClCompile>
    <ClCompile Include="..\scr\Scene\MainMenu\Dungeon\Battle\BattlePhase\BtlPhaseMain.cpp">
      <Filter>ソース ファイル\scr\Scene\MainMenu\Dungeon\Battle\BattlePhase</Filter>
    </ClCompile>
    <ClCompile Include="..\scr\Scene\MainMenu\Dungeon\Battle\BattlePhase\BtlPhaseResult.cpp">
      <Filter>ソース ファイル\scr\Scene\MainMenu\Dungeon\Battle\BattlePhase</Filter>
    </ClCompile>
    <ClCompile Include="..\scr\Scene\MainMenu\Dungeon\Battle\BattlePhase\BtlPhaseStart.cpp">
      <Filter>ソース ファイル\scr\Scene\MainMenu\Dungeon\Battle\BattlePhase</Filter>
    </ClCompile>
    <ClCompile Include="..\scr\Scene\MainMenu\Dungeon\Battle\BattleMgr.cpp">
      <Filter>ソース ファイル\scr\Scene\MainMenu\Dungeon\Battle</Filter>
    </ClCompile>
    <ClCompile Include="..\scr\Scene\MainMenu\Dungeon\Battle\BattleUtil\BattleBuff\BtlBuffObj.cpp">
      <Filter>ソース ファイル\scr\Scene\MainMenu\Dungeon\Battle\BattleUtil\BattleBuff</Filter>
    </ClCompile>
    <ClCompile Include="..\scr\Scene\MainMenu\Dungeon\Battle\BattleUtil\MonsterUnit\MonsterUnit.cpp">
      <Filter>ソース ファイル\scr\Scene\MainMenu\Dungeon\Battle\BattleUtil\MonsterUnit</Filter>
    </ClCompile>
    <ClCompile Include="..\scr\Scene\MainMenu\Dungeon\Battle\BattleUtil\BattleInfo\BtlInfo.cpp">
      <Filter>ソース ファイル\scr\Scene\MainMenu\Dungeon\Battle\BattleUtil\BattleInfo</Filter>
    </ClCompile>
    <ClCompile Include="..\scr\Scene\MainMenu\Dungeon\Battle\BattlePhase\BattleProc\BattleProcCommand.cpp">
      <Filter>ソース ファイル\scr\Scene\MainMenu\Dungeon\Battle\BattlePhase\BattleProc</Filter>
    </ClCompile>
    <ClCompile Include="..\scr\Common\String\CharConverter\CharConverter.cpp">
      <Filter>ソース ファイル\scr\Common\String\CharConverter</Filter>
    </ClCompile>
  </ItemGroup>
  <ItemGroup>
    <ClInclude Include="..\scr\Common\GameMgr.h">
      <Filter>ソース ファイル\scr\Common</Filter>
    </ClInclude>
    <ClInclude Include="..\scr\Common\Task\Task.h">
      <Filter>ソース ファイル\scr\Common\Task</Filter>
    </ClInclude>
    <ClInclude Include="..\scr\Common\Task\TaskBase.h">
      <Filter>ソース ファイル\scr\Common\Task</Filter>
    </ClInclude>
    <ClInclude Include="..\scr\Common\Task\TaskMgr.h">
      <Filter>ソース ファイル\scr\Common\Task</Filter>
    </ClInclude>
    <ClInclude Include="..\scr\Scene\ISceneBase.h">
      <Filter>ソース ファイル\scr\Scene</Filter>
    </ClInclude>
    <ClInclude Include="..\scr\Scene\SceneBase.h">
      <Filter>ソース ファイル\scr\Scene</Filter>
    </ClInclude>
    <ClInclude Include="..\scr\Scene\SceneMgr.h">
      <Filter>ソース ファイル\scr\Scene</Filter>
    </ClInclude>
    <ClInclude Include="..\scr\Test\AITest.h">
      <Filter>ソース ファイル\scr\Test</Filter>
    </ClInclude>
    <ClInclude Include="..\scr\Test\Test1.h">
      <Filter>ソース ファイル\scr\Test</Filter>
    </ClInclude>
    <ClInclude Include="..\scr\Test\TestMenu.h">
      <Filter>ソース ファイル\scr\Test</Filter>
    </ClInclude>
    <ClInclude Include="..\scr\win32\KeyBoard.h">
      <Filter>ソース ファイル\scr\win32</Filter>
    </ClInclude>
    <ClInclude Include="..\scr\Scene\Boot\Scene_Boot.h">
      <Filter>ソース ファイル\scr\Scene\Boot</Filter>
    </ClInclude>
    <ClInclude Include="..\scr\Scene\Opning\Scene_Opning.h">
      <Filter>ソース ファイル\scr\Scene\Opning</Filter>
    </ClInclude>
    <ClInclude Include="..\scr\Scene\Title\Scene_Title.h">
      <Filter>ソース ファイル\scr\Scene\Title</Filter>
    </ClInclude>
    <ClInclude Include="..\scr\Common\Fade\Fade.h">
      <Filter>ソース ファイル\scr\Common\Fade</Filter>
    </ClInclude>
    <ClInclude Include="..\scr\Common\FPS\FPS.h">
      <Filter>ソース ファイル\scr\Common\FPS</Filter>
    </ClInclude>
    <ClInclude Include="..\scr\Common\Graphics\Graphics.h">
      <Filter>ソース ファイル\scr\Common\Graphics</Filter>
    </ClInclude>
    <ClInclude Include="..\scr\Scene\MainMenu\Scene_MainMenu.h">
      <Filter>ソース ファイル\scr\Scene\MainMenu</Filter>
    </ClInclude>
    <ClInclude Include="..\scr\Common\Graphics\GraphicsBase.h">
      <Filter>ソース ファイル\scr\Common\Graphics</Filter>
    </ClInclude>
    <ClInclude Include="..\scr\Common\Graphics\GraphicsDraw.h">
      <Filter>ソース ファイル\scr\Common\Graphics</Filter>
    </ClInclude>
    <ClInclude Include="..\scr\Common\Graphics\GraphicsDrawMgr.h">
      <Filter>ソース ファイル\scr\Common\Graphics</Filter>
    </ClInclude>
    <ClInclude Include="..\scr\Common\Graphics\GraphicsMulti.h">
      <Filter>ソース ファイル\scr\Common\Graphics</Filter>
    </ClInclude>
    <ClInclude Include="..\scr\Common\Debug\Debug.h">
      <Filter>ソース ファイル\scr\Common\Debug</Filter>
    </ClInclude>
    <ClInclude Include="..\scr\Common\GameCommon.h">
      <Filter>ソース ファイル\scr\Common</Filter>
    </ClInclude>
    <ClInclude Include="..\scr\AppData\SaveData\SaveData.h">
      <Filter>ソース ファイル\scr\AppData\SaveData</Filter>
    </ClInclude>
    <ClInclude Include="..\scr\AppData\Character\CharacterBase.h">
      <Filter>ソース ファイル\scr\AppData\Character</Filter>
    </ClInclude>
    <ClInclude Include="..\scr\AppData\Character\Monster\Monster.h">
      <Filter>ソース ファイル\scr\AppData\Character\Monster</Filter>
    </ClInclude>
    <ClInclude Include="..\scr\AppData\Character\Player\Player.h">
      <Filter>ソース ファイル\scr\AppData\Character\Player</Filter>
    </ClInclude>
    <ClInclude Include="..\scr\AppData\AppData.h">
      <Filter>ソース ファイル\scr\AppData</Filter>
    </ClInclude>
    <ClInclude Include="..\scr\AppData\Character\Monster\MonsterBox.h">
      <Filter>ソース ファイル\scr\AppData\Character\Monster</Filter>
    </ClInclude>
    <ClInclude Include="..\scr\AppData\Character\Monster\MonsterDeck.h">
      <Filter>ソース ファイル\scr\AppData\Character\Monster</Filter>
    </ClInclude>
    <ClInclude Include="..\scr\Common\Input\InputBase.h">
      <Filter>ソース ファイル\scr\Common\Input</Filter>
    </ClInclude>
    <ClInclude Include="..\scr\Common\Input\Joypad.h">
      <Filter>ソース ファイル\scr\Common\Input</Filter>
    </ClInclude>
    <ClInclude Include="..\scr\Common\Input\Keybaord.h">
      <Filter>ソース ファイル\scr\Common\Input</Filter>
    </ClInclude>
    <ClInclude Include="..\scr\Common\Input\Touch.h">
      <Filter>ソース ファイル\scr\Common\Input</Filter>
    </ClInclude>
    <ClInclude Include="..\scr\Common\String\StringBase.h">
      <Filter>ソース ファイル\scr\Common\String</Filter>
    </ClInclude>
    <ClInclude Include="..\scr\Common\String\FontMgr\FontMgr.h">
      <Filter>ソース ファイル\scr\Common\String\FontMgr</Filter>
    </ClInclude>
    <ClInclude Include="..\scr\Common\FileIO\FileIO.h">
      <Filter>ソース ファイル\scr\Common\FileIO</Filter>
    </ClInclude>
    <ClInclude Include="..\scr\Common\FileIO\WriteBynary.h">
      <Filter>ソース ファイル\scr\Common\FileIO</Filter>
    </ClInclude>
    <ClInclude Include="..\scr\Common\FileIO\ReadBynary.h">
      <Filter>ソース ファイル\scr\Common\FileIO</Filter>
    </ClInclude>
    <ClInclude Include="..\scr\Common\Communication\Communication.h">
      <Filter>ソース ファイル\scr\Common\Communication</Filter>
    </ClInclude>
    <ClInclude Include="..\scr\Common\Communication\ReceiveUDP.h">
      <Filter>ソース ファイル\scr\Common\Communication</Filter>
    </ClInclude>
    <ClInclude Include="..\scr\Common\Communication\SendUDP.h">
      <Filter>ソース ファイル\scr\Common\Communication</Filter>
    </ClInclude>
    <ClInclude Include="..\scr\Test\TestCommunication.h">
      <Filter>ソース ファイル\scr\Test</Filter>
    </ClInclude>
    <ClInclude Include="..\scr\Common\CommonResource\CommonResource.h">
      <Filter>ソース ファイル\scr\Common\CommonResource</Filter>
    </ClInclude>
    <ClInclude Include="..\scr\Common\XML\XmlPurser.h">
      <Filter>ソース ファイル\scr\Common\XML</Filter>
    </ClInclude>
    <ClInclude Include="..\scr\Common\Framework.h">
      <Filter>ソース ファイル\scr\Common</Filter>
    </ClInclude>
    <ClInclude Include="..\scr\Common\Debug\DebugList.h">
      <Filter>ソース ファイル\scr\Common\Debug</Filter>
    </ClInclude>
    <ClInclude Include="..\scr\Common\Window\WindowBase.h">
      <Filter>ソース ファイル\scr\Common\Window</Filter>
    </ClInclude>
    <ClInclude Include="..\scr\Scene\MainMenu\Dungeon\DungeonMenu.h">
      <Filter>ソース ファイル\scr\Scene\MainMenu\Dungeon</Filter>
    </ClInclude>
    <ClInclude Include="..\scr\Scene\MainMenu\Dungeon\DungeonBase.h">
      <Filter>ソース ファイル\scr\Scene\MainMenu\Dungeon</Filter>
    </ClInclude>
    <ClInclude Include="..\scr\Common\Input\Mouse.h">
      <Filter>ソース ファイル\scr\Common\Input</Filter>
    </ClInclude>
    <ClInclude Include="..\scr\win32\MouseInput.h">
      <Filter>ソース ファイル\scr\win32</Filter>
    </ClInclude>
    <ClInclude Include="..\scr\Scene\MainMenu\Dungeon\Battle\BattleBase.h">
      <Filter>ソース ファイル\scr\Scene\MainMenu\Dungeon\Battle</Filter>
    </ClInclude>
    <ClInclude Include="..\scr\Test\TestBattle.h">
      <Filter>ソース ファイル\scr\Test</Filter>
    </ClInclude>
    <ClInclude Include="..\scr\Common\Animation\Animation.h">
      <Filter>ソース ファイル\scr\Common\Animation</Filter>
    </ClInclude>
    <ClInclude Include="..\scr\Common\Script\ScriptBase.h">
      <Filter>ソース ファイル\scr\Common\Script</Filter>
    </ClInclude>
    <ClInclude Include="..\scr\Common\ResourceLoader\ResourceLoader.h">
      <Filter>ソース ファイル\scr\Common\ResourceLoader</Filter>
    </ClInclude>
    <ClInclude Include="..\scr\Common\FileLoader\File.h">
      <Filter>ソース ファイル\scr\Common\FileLoader</Filter>
    </ClInclude>
    <ClInclude Include="..\scr\Common\FileLoader\Loader.h">
      <Filter>ソース ファイル\scr\Common\FileLoader</Filter>
    </ClInclude>
    <ClInclude Include="..\scr\AppData\Character\Monster\MonsterMgr.h">
      <Filter>ソース ファイル\scr\AppData\Character\Monster</Filter>
    </ClInclude>
    <ClInclude Include="..\scr\Scene\MainMenu\Dungeon\Battle\BattleCalculator.h">
      <Filter>ソース ファイル\scr\Scene\MainMenu\Dungeon\Battle</Filter>
    </ClInclude>
    <ClInclude Include="..\scr\Test\TestADV.h">
      <Filter>ソース ファイル\scr\Test</Filter>
    </ClInclude>
    <ClInclude Include="..\scr\Common\Script\ScriptAnimation.h">
      <Filter>ソース ファイル\scr\Common\Script</Filter>
    </ClInclude>
    <ClInclude Include="..\scr\Common\Animation\Easing\Easing.h">
      <Filter>ソース ファイル\scr\Common\Animation\Easing</Filter>
    </ClInclude>
    <ClInclude Include="..\scr\Scene\MainMenu\Dungeon\DungeonMgr.h">
      <Filter>ソース ファイル\scr\Scene\MainMenu\Dungeon</Filter>
    </ClInclude>
    <ClInclude Include="..\scr\Common\Input\MobileInput.h">
      <Filter>ソース ファイル\scr\Common\Input</Filter>
    </ClInclude>
    <ClInclude Include="..\scr\Common\Input\ClickInput.h">
      <Filter>ソース ファイル\scr\Common\Input</Filter>
    </ClInclude>
    <ClInclude Include="..\scr\Common\Input\PadInput.h">
      <Filter>ソース ファイル\scr\Common\Input</Filter>
    </ClInclude>
    <ClInclude Include="..\scr\Common\String\StringClick.h">
      <Filter>ソース ファイル\scr\Common\String</Filter>
    </ClInclude>
    <ClInclude Include="..\scr\Scene\MainMenu\Dungeon\Battle\BattleAnimation.h">
      <Filter>ソース ファイル\scr\Scene\MainMenu\Dungeon\Battle</Filter>
    </ClInclude>
    <ClInclude Include="..\scr\Scene\MainMenu\PlayerInfomation\PlayerInfomation.h">
      <Filter>ソース ファイル\scr\Scene\MainMenu\PlayerInfomation</Filter>
    </ClInclude>
    <ClInclude Include="..\scr\Common\Graphics\Window\WindowGraph.h">
      <Filter>ソース ファイル\scr\Common\Graphics\Window</Filter>
    </ClInclude>
    <ClInclude Include="..\scr\Common\Graphics\Button\Button.h">
      <Filter>ソース ファイル\scr\Common\Graphics\Button</Filter>
    </ClInclude>
    <ClInclude Include="..\scr\Common\Graphics\Button\View.h">
      <Filter>ソース ファイル\scr\Common\Graphics\Button</Filter>
    </ClInclude>
    <ClInclude Include="..\scr\Common\Graphics\Button\ButtonGraph.h">
      <Filter>ソース ファイル\scr\Common\Graphics\Button</Filter>
    </ClInclude>
    <ClInclude Include="..\scr\Common\System\OnListener.h">
      <Filter>ソース ファイル\scr\Common\System</Filter>
    </ClInclude>
    <ClInclude Include="..\scr\Common\String\FontMgr\BMFont.h">
      <Filter>ソース ファイル\scr\Common\String\FontMgr</Filter>
    </ClInclude>
    <ClInclude Include="..\scr\Common\Sound\Sound.h">
      <Filter>ソース ファイル\scr\Common\Sound</Filter>
    </ClInclude>
    <ClInclude Include="..\scr\Common\Sound\SoundMgr.h">
      <Filter>ソース ファイル\scr\Common\Sound</Filter>
    </ClInclude>
    <ClInclude Include="..\scr\Scene\Prologue\Scene_Prologue.h">
      <Filter>ソース ファイル\scr\Scene\Prologue</Filter>
    </ClInclude>
    <ClInclude Include="..\scr\Scene\MainMenu\Dungeon\Map\Map.h">
      <Filter>ソース ファイル\scr\Scene\MainMenu\Dungeon\Map</Filter>
    </ClInclude>
    <ClInclude Include="..\scr\Scene\MainMenu\Dungeon\Map\MapField.h">
      <Filter>ソース ファイル\scr\Scene\MainMenu\Dungeon\Map</Filter>
    </ClInclude>
    <ClInclude Include="..\scr\Test\TestMapField.h">
      <Filter>ソース ファイル\scr\Test</Filter>
    </ClInclude>
    <ClInclude Include="..\scr\Common\Effect\Effect.h">
      <Filter>ソース ファイル\scr\Common\Effect</Filter>
    </ClInclude>
    <ClInclude Include="..\scr\Common\Script\ScriptFunc.h">
      <Filter>ソース ファイル\scr\Common\Script</Filter>
    </ClInclude>
    <ClInclude Include="..\scr\AppData\Character\Skill\SkillBase.h">
      <Filter>ソース ファイル\scr\AppData\Character\Monster\Skill</Filter>
    </ClInclude>
    <ClInclude Include="..\scr\Test\TestLoader.h">
      <Filter>ソース ファイル\scr\Test</Filter>
    </ClInclude>
    <ClInclude Include="..\scr\Common\FileLoader\TblLoader\TblLoader.h">
      <Filter>ソース ファイル\scr\Common\FileLoader\TblLoader</Filter>
    </ClInclude>
    <ClInclude Include="..\scr\Common\FileLoader\TblLoader\TblLoaderMgr.h">
      <Filter>ソース ファイル\scr\Common\FileLoader\TblLoader</Filter>
    </ClInclude>
    <ClInclude Include="..\scr\AppData\Character\Skill\SkillMgr.h">
      <Filter>ソース ファイル\scr\AppData\Character\Monster\Skill</Filter>
    </ClInclude>
    <ClInclude Include="..\scr\AppData\StoryData\StoryData.h">
      <Filter>ソース ファイル\scr\AppData\StoryData</Filter>
    </ClInclude>
    <ClInclude Include="..\scr\Common\Graphics\LoadGraphics.h">
      <Filter>ソース ファイル\scr\Common\Graphics</Filter>
    </ClInclude>
    <ClInclude Include="..\scr\Common\ResourceTable\GraphTable.h">
      <Filter>ソース ファイル\scr\Common\ResourceTable</Filter>
    </ClInclude>
    <ClInclude Include="..\scr\Test\TestMonsterBox.h">
      <Filter>ソース ファイル\scr\Test</Filter>
    </ClInclude>
    <ClInclude Include="..\scr\Test\TestEffectPlayer.h">
      <Filter>ソース ファイル\scr\Test</Filter>
    </ClInclude>
    <ClInclude Include="..\scr\Common\Effect\Particle\Particle.h">
      <Filter>ソース ファイル\scr\Common\Effect\Particle</Filter>
    </ClInclude>
    <ClInclude Include="..\scr\Scene\MainMenu\Dungeon\Battle\BattleEffect.h">
      <Filter>ソース ファイル\scr\Scene\MainMenu\Dungeon\Battle</Filter>
    </ClInclude>
    <ClInclude Include="..\scr\Common\Utility\Status.h">
      <Filter>ソース ファイル\scr\Common\Utility</Filter>
    </ClInclude>
    <ClInclude Include="..\scr\Scene\MainMenu\Dungeon\Battle\BattlePhase\BtlPhaseMain.h">
      <Filter>ソース ファイル\scr\Scene\MainMenu\Dungeon\Battle\BattlePhase</Filter>
    </ClInclude>
    <ClInclude Include="..\scr\Scene\MainMenu\Dungeon\Battle\BattlePhase\BtlPhaseResult.h">
      <Filter>ソース ファイル\scr\Scene\MainMenu\Dungeon\Battle\BattlePhase</Filter>
    </ClInclude>
    <ClInclude Include="..\scr\Scene\MainMenu\Dungeon\Battle\BattlePhase\BtlPhaseStart.h">
      <Filter>ソース ファイル\scr\Scene\MainMenu\Dungeon\Battle\BattlePhase</Filter>
    </ClInclude>
    <ClInclude Include="..\scr\Scene\MainMenu\Dungeon\Battle\BattlePhase\BtlTaskBase.h">
      <Filter>ソース ファイル\scr\Scene\MainMenu\Dungeon\Battle\BattlePhase</Filter>
    </ClInclude>
    <ClInclude Include="..\scr\Scene\MainMenu\Dungeon\Battle\BattleMgr.h">
      <Filter>ソース ファイル\scr\Scene\MainMenu\Dungeon\Battle</Filter>
    </ClInclude>
    <ClInclude Include="..\scr\Scene\MainMenu\Dungeon\Battle\BattleUtil\BattleBuff\BtlBuffObj.h">
      <Filter>ソース ファイル\scr\Scene\MainMenu\Dungeon\Battle\BattleUtil\BattleBuff</Filter>
    </ClInclude>
    <ClInclude Include="..\scr\Scene\MainMenu\Dungeon\Battle\BattleUtil\MonsterUnit\MonsterUnit.h">
      <Filter>ソース ファイル\scr\Scene\MainMenu\Dungeon\Battle\BattleUtil\MonsterUnit</Filter>
    </ClInclude>
    <ClInclude Include="..\scr\Scene\MainMenu\Dungeon\Battle\BattleUtil\BattleInfo\BtlInfo.h">
      <Filter>ソース ファイル\scr\Scene\MainMenu\Dungeon\Battle\BattleUtil\BattleInfo</Filter>
    </ClInclude>
    <ClInclude Include="..\scr\Scene\MainMenu\Dungeon\Battle\BattleUtil\BtlCommon.h">
      <Filter>ソース ファイル\scr\Scene\MainMenu\Dungeon\Battle\BattleUtil</Filter>
    </ClInclude>
    <ClInclude Include="..\scr\Scene\MainMenu\Dungeon\Battle\BattlePhase\BattleProc\BattleProcCommand.h">
      <Filter>ソース ファイル\scr\Scene\MainMenu\Dungeon\Battle\BattlePhase\BattleProc</Filter>
    </ClInclude>
    <ClInclude Include="..\scr\Common\String\CharConverter\CharConverter.h">
      <Filter>ソース ファイル\scr\Common\String\CharConverter</Filter>
    </ClInclude>
  </ItemGroup>
  <ItemGroup>
    <None Include="..\scr\Scene\MainMenu\Dungeon\Battle\BattleEffect.inc">
      <Filter>ソース ファイル\scr\Scene\MainMenu\Dungeon\Battle</Filter>
    </None>
    <None Include="..\scr\AppData\Character\Monster\ElementType.inc">
      <Filter>ソース ファイル\scr\AppData\Character\Monster</Filter>
    </None>
    <None Include="..\scr\AppData\Character\Skill\SkillAttackType.inc">
      <Filter>ソース ファイル\scr\AppData\Character\Monster\Skill</Filter>
    </None>
  </ItemGroup>
</Project>